// !$*UTF8*$!
{
	archiveVersion = 1;
	classes = {
	};
	objectVersion = 77;
	objects = {

/* Begin PBXBuildFile section */
		01046B7354523DEF5F470612 /* Assets.xcassets in Resources */ = {isa = PBXBuildFile; fileRef = CDF7B7FB2EE27650318EC4BE /* Assets.xcassets */; };
		0BB345FBD38D4072779FC1A1 /* FlaccyCore in Frameworks */ = {isa = PBXBuildFile; productRef = D2E21F4867B0D1251124B5D3 /* FlaccyCore */; };
		116895A2A917B259B81DA330 /* DatabaseManagerEnrichmentTests.swift in Sources */ = {isa = PBXBuildFile; fileRef = ADAD3DBD7F3EF9060D9CB722 /* DatabaseManagerEnrichmentTests.swift */; };
		1C05DBDE3F071539DA56DF66 /* WatchAudioPlayer.swift in Sources */ = {isa = PBXBuildFile; fileRef = 985E9E1F8B543319E977BE52 /* WatchAudioPlayer.swift */; };
		20364068D2334231B84E65AD /* Foundation.framework in Frameworks */ = {isa = PBXBuildFile; fileRef = 2F54FEC40BC514CE9408F611 /* Foundation.framework */; };
		229AA98DC63BFBDD78ADBBED /* ArtworkView.swift in Sources */ = {isa = PBXBuildFile; fileRef = D9D577CC6BEB2186B819E18E /* ArtworkView.swift */; };
		2C21267046BDFDCB76F13F69 /* FlaccyCore in Frameworks */ = {isa = PBXBuildFile; productRef = A734BCDDBC66217E19FC32B7 /* FlaccyCore */; };
		2C2777462F7D0B80007FF196 /* GRDB in Frameworks */ = {isa = PBXBuildFile; productRef = 2C2777012F7D0301007FF196 /* GRDB */; };
		4114B9F2DAEFCEF2104A7CF6 /* FlaccyCore in Frameworks */ = {isa = PBXBuildFile; productRef = 5939164CA91FCC865B69DB94 /* FlaccyCore */; };
		425DA6758294BF9C160EBDBA /* NowPlayingView.swift in Sources */ = {isa = PBXBuildFile; fileRef = 83E026CF71986B037C412588 /* NowPlayingView.swift */; };
		53EF5930CEB68FBD982F5AB8 /* DatabaseMigrationTests.swift in Sources */ = {isa = PBXBuildFile; fileRef = 619EA141A4B4BEFC29745792 /* DatabaseMigrationTests.swift */; };
		66DE7AF197E8388E78AA5A0D /* LibraryView.swift in Sources */ = {isa = PBXBuildFile; fileRef = B7C8AAC3BBAE717452A9B9AE /* LibraryView.swift */; };
		736B4585DEDB7F3A41896C46 /* WatchDebutSummaryView.swift in Sources */ = {isa = PBXBuildFile; fileRef = F00D1E78AD4A75E517B0EBA1 /* WatchDebutSummaryView.swift */; };
		87131AE693849FC6BCEEDFD6 /* flaccyWatch Watch App.app in Embed Watch Content */ = {isa = PBXBuildFile; fileRef = 714CC32EDD5BF636A0B806F2 /* flaccyWatch Watch App.app */; settings = {ATTRIBUTES = (RemoveHeadersOnCopy, ); }; };
		8E47E1D598B706E94B056080 /* GRDB in Frameworks */ = {isa = PBXBuildFile; productRef = C433D55BD6A1974A842EC01C /* GRDB */; };
		982A7219DB26B9EACF868222 /* RootView.swift in Sources */ = {isa = PBXBuildFile; fileRef = 3238B37A95CF4C0D0E2BC187 /* RootView.swift */; };
		98897BA08851917538C5F5AF /* SampleContent.swift in Sources */ = {isa = PBXBuildFile; fileRef = 3EA27C450E8835789FFFECFC /* SampleContent.swift */; };
		A1D00E014A13D8A615E7C46D /* Cocoa.framework in Frameworks */ = {isa = PBXBuildFile; fileRef = C1AB36944B652EA1E9E81BEA /* Cocoa.framework */; };
		A36803C9E3EC349713DBBEAD /* WatchLibraryStore.swift in Sources */ = {isa = PBXBuildFile; fileRef = E8BB90B89C3A5EB505C63873 /* WatchLibraryStore.swift */; };
		CBA976E6F92EC1C15A7FA620 /* WatchTheme.swift in Sources */ = {isa = PBXBuildFile; fileRef = 837AB16168DE572D1E53A971 /* WatchTheme.swift */; };
		CCEC6E873883D2AB65540E36 /* LibraryLoadPhaseCopy.swift in Sources */ = {isa = PBXBuildFile; fileRef = 1646ED4EB3C394FC6406048B /* LibraryLoadPhaseCopy.swift */; };
		D447A95CAB0EBEE6A6F218B9 /* EnrichmentStatusRow.swift in Sources */ = {isa = PBXBuildFile; fileRef = 4ECB8D4D945F274FEEBB35DC /* EnrichmentStatusRow.swift */; };
		D5107651BFBF16CED19E1C52 /* ScanProgressView.swift in Sources */ = {isa = PBXBuildFile; fileRef = 04141D7257966D180B7FF43B /* ScanProgressView.swift */; };
		D9CDAE92B6E8512861E552D4 /* AlbumDetailView.swift in Sources */ = {isa = PBXBuildFile; fileRef = C402134FF933306B7C6943F4 /* AlbumDetailView.swift */; };
		DF1675B5B768AE538CDEA180 /* LibraryDebutCopy.swift in Sources */ = {isa = PBXBuildFile; fileRef = D2C6D1C12BA699C6CCB4321F /* LibraryDebutCopy.swift */; };
		E9970FA6D1EC49C0BCAF9677 /* Foundation.framework in Frameworks */ = {isa = PBXBuildFile; fileRef = BE89F29B26EC5F4E7FE691A5 /* Foundation.framework */; };
		EBDAC9950D4E8507C67D4518 /* Cocoa.framework in Frameworks */ = {isa = PBXBuildFile; fileRef = C1AB36944B652EA1E9E81BEA /* Cocoa.framework */; };
		EF99BDC3366FE6B784932BD8 /* flaccyWatchApp.swift in Sources */ = {isa = PBXBuildFile; fileRef = 11FC3EEB18AAFEDF21A271E2 /* flaccyWatchApp.swift */; };
		FDB0556A76444AE69CED1C5B /* WatchSyncReceiver.swift in Sources */ = {isa = PBXBuildFile; fileRef = CD0A0425DD0D74672B6134D0 /* WatchSyncReceiver.swift */; };
		FF6185B6D397BDB33AA21772 /* EnrichmentJobCopy.swift in Sources */ = {isa = PBXBuildFile; fileRef = BB05CD0BDFF50AD5F7C4C4CB /* EnrichmentJobCopy.swift */; };
/* End PBXBuildFile section */

/* Begin PBXContainerItemProxy section */
		0CFC9E09C3D8DC5D193A6D86 /* PBXContainerItemProxy */ = {
			isa = PBXContainerItemProxy;
			containerPortal = 2C2776C22F7D0282007FF196 /* Project object */;
			proxyType = 1;
			remoteGlobalIDString = 87865B95620E8A89697320AA;
			remoteInfo = flaccyMac;
		};
		313486C10012669327EF7ED8 /* PBXContainerItemProxy */ = {
			isa = PBXContainerItemProxy;
			containerPortal = 2C2776C22F7D0282007FF196 /* Project object */;
			proxyType = 1;
			remoteGlobalIDString = DE0477C1A3CAE5D10A3D4168;
			remoteInfo = "flaccyWatch Watch App";
		};
		AA00UITESTPROXY00000001 /* PBXContainerItemProxy */ = {
			isa = PBXContainerItemProxy;
			containerPortal = 2C2776C22F7D0282007FF196 /* Project object */;
			proxyType = 1;
			remoteGlobalIDString = 2C2776C92F7D0282007FF196;
			remoteInfo = flaccy;
		};
		E23A40FB2FEFCDCC5E6581B3 /* PBXContainerItemProxy */ = {
			isa = PBXContainerItemProxy;
			containerPortal = 2C2776C22F7D0282007FF196 /* Project object */;
			proxyType = 1;
			remoteGlobalIDString = 2C2776C92F7D0282007FF196;
			remoteInfo = flaccy;
		};
/* End PBXContainerItemProxy section */

/* Begin PBXCopyFilesBuildPhase section */
		2C27775B2F7D0400007FF196 /* Embed Foundation Extensions */ = {
			isa = PBXCopyFilesBuildPhase;
			buildActionMask = 2147483647;
			dstPath = "";
			dstSubfolderSpec = 13;
			files = (
			);
			name = "Embed Foundation Extensions";
			runOnlyForDeploymentPostprocessing = 0;
		};
		9C292215C54F089F243EB55C /* Embed Watch Content */ = {
			isa = PBXCopyFilesBuildPhase;
			buildActionMask = 2147483647;
			dstPath = "$(CONTENTS_FOLDER_PATH)/Watch";
			dstSubfolderSpec = 16;
			files = (
				87131AE693849FC6BCEEDFD6 /* flaccyWatch Watch App.app in Embed Watch Content */,
			);
			name = "Embed Watch Content";
			runOnlyForDeploymentPostprocessing = 0;
		};
/* End PBXCopyFilesBuildPhase section */

/* Begin PBXFileReference section */
		04141D7257966D180B7FF43B /* ScanProgressView.swift */ = {isa = PBXFileReference; includeInIndex = 1; lastKnownFileType = sourcecode.swift; name = ScanProgressView.swift; path = Views/ScanProgressView.swift; sourceTree = "<group>"; };
		11FC3EEB18AAFEDF21A271E2 /* flaccyWatchApp.swift */ = {isa = PBXFileReference; includeInIndex = 1; lastKnownFileType = sourcecode.swift; path = flaccyWatchApp.swift; sourceTree = "<group>"; };
		1646ED4EB3C394FC6406048B /* LibraryLoadPhaseCopy.swift */ = {isa = PBXFileReference; includeInIndex = 1; lastKnownFileType = sourcecode.swift; name = LibraryLoadPhaseCopy.swift; path = flaccy/LibraryLoadPhaseCopy.swift; sourceTree = "<group>"; };
		2C2776CA2F7D0282007FF196 /* flaccy.app */ = {isa = PBXFileReference; explicitFileType = wrapper.application; includeInIndex = 0; path = flaccy.app; sourceTree = BUILT_PRODUCTS_DIR; };
		2DB333CC150B8B35EA228C7F /* flaccyTests.xctest */ = {isa = PBXFileReference; explicitFileType = wrapper.cfbundle; includeInIndex = 0; path = flaccyTests.xctest; sourceTree = BUILT_PRODUCTS_DIR; };
		2F54FEC40BC514CE9408F611 /* Foundation.framework */ = {isa = PBXFileReference; lastKnownFileType = wrapper.framework; name = Foundation.framework; path = Platforms/WatchOS.platform/Developer/SDKs/WatchOS11.0.sdk/System/Library/Frameworks/Foundation.framework; sourceTree = DEVELOPER_DIR; };
		3238B37A95CF4C0D0E2BC187 /* RootView.swift */ = {isa = PBXFileReference; includeInIndex = 1; lastKnownFileType = sourcecode.swift; name = RootView.swift; path = Views/RootView.swift; sourceTree = "<group>"; };
		3EA27C450E8835789FFFECFC /* SampleContent.swift */ = {isa = PBXFileReference; includeInIndex = 1; lastKnownFileType = sourcecode.swift; path = SampleContent.swift; sourceTree = "<group>"; };
		483CF523EE5ED3E295BFF6B1 /* Flaccy.app */ = {isa = PBXFileReference; explicitFileType = wrapper.application; includeInIndex = 0; path = Flaccy.app; sourceTree = BUILT_PRODUCTS_DIR; };
		4ECB8D4D945F274FEEBB35DC /* EnrichmentStatusRow.swift */ = {isa = PBXFileReference; includeInIndex = 1; lastKnownFileType = sourcecode.swift; name = EnrichmentStatusRow.swift; path = Views/EnrichmentStatusRow.swift; sourceTree = "<group>"; };
		5174AF607781A6F23E0F345D /* flaccyMacUITests.xctest */ = {isa = PBXFileReference; explicitFileType = wrapper.cfbundle; includeInIndex = 0; path = flaccyMacUITests.xctest; sourceTree = BUILT_PRODUCTS_DIR; };
		59F8BBC1B5676BB291B0FBAD /* Info.plist */ = {isa = PBXFileReference; includeInIndex = 1; lastKnownFileType = text.plist.xml; path = Info.plist; sourceTree = "<group>"; };
		619EA141A4B4BEFC29745792 /* DatabaseMigrationTests.swift */ = {isa = PBXFileReference; includeInIndex = 1; lastKnownFileType = sourcecode.swift; path = DatabaseMigrationTests.swift; sourceTree = "<group>"; };
		714CC32EDD5BF636A0B806F2 /* flaccyWatch Watch App.app */ = {isa = PBXFileReference; explicitFileType = wrapper.application; includeInIndex = 0; path = "flaccyWatch Watch App.app"; sourceTree = BUILT_PRODUCTS_DIR; };
		837AB16168DE572D1E53A971 /* WatchTheme.swift */ = {isa = PBXFileReference; includeInIndex = 1; lastKnownFileType = sourcecode.swift; name = WatchTheme.swift; path = Support/WatchTheme.swift; sourceTree = "<group>"; };
		83E026CF71986B037C412588 /* NowPlayingView.swift */ = {isa = PBXFileReference; includeInIndex = 1; lastKnownFileType = sourcecode.swift; name = NowPlayingView.swift; path = Views/NowPlayingView.swift; sourceTree = "<group>"; };
		985E9E1F8B543319E977BE52 /* WatchAudioPlayer.swift */ = {isa = PBXFileReference; includeInIndex = 1; lastKnownFileType = sourcecode.swift; path = WatchAudioPlayer.swift; sourceTree = "<group>"; };
		AA00UITESTPRODUCT0000001 /* flaccyUITests.xctest */ = {isa = PBXFileReference; explicitFileType = wrapper.cfbundle; includeInIndex = 0; path = flaccyUITests.xctest; sourceTree = BUILT_PRODUCTS_DIR; };
		ADAD3DBD7F3EF9060D9CB722 /* DatabaseManagerEnrichmentTests.swift */ = {isa = PBXFileReference; includeInIndex = 1; lastKnownFileType = sourcecode.swift; path = DatabaseManagerEnrichmentTests.swift; sourceTree = "<group>"; };
		B7C8AAC3BBAE717452A9B9AE /* LibraryView.swift */ = {isa = PBXFileReference; includeInIndex = 1; lastKnownFileType = sourcecode.swift; name = LibraryView.swift; path = Views/LibraryView.swift; sourceTree = "<group>"; };
		BB05CD0BDFF50AD5F7C4C4CB /* EnrichmentJobCopy.swift */ = {isa = PBXFileReference; includeInIndex = 1; lastKnownFileType = sourcecode.swift; name = EnrichmentJobCopy.swift; path = flaccy/EnrichmentJobCopy.swift; sourceTree = "<group>"; };
		BE89F29B26EC5F4E7FE691A5 /* Foundation.framework */ = {isa = PBXFileReference; lastKnownFileType = wrapper.framework; name = Foundation.framework; path = Platforms/iPhoneOS.platform/Developer/SDKs/iPhoneOS26.0.sdk/System/Library/Frameworks/Foundation.framework; sourceTree = DEVELOPER_DIR; };
		C1AB36944B652EA1E9E81BEA /* Cocoa.framework */ = {isa = PBXFileReference; lastKnownFileType = wrapper.framework; name = Cocoa.framework; path = Platforms/MacOSX.platform/Developer/SDKs/MacOSX15.0.sdk/System/Library/Frameworks/Cocoa.framework; sourceTree = DEVELOPER_DIR; };
		C402134FF933306B7C6943F4 /* AlbumDetailView.swift */ = {isa = PBXFileReference; includeInIndex = 1; lastKnownFileType = sourcecode.swift; name = AlbumDetailView.swift; path = Views/AlbumDetailView.swift; sourceTree = "<group>"; };
		CD0A0425DD0D74672B6134D0 /* WatchSyncReceiver.swift */ = {isa = PBXFileReference; includeInIndex = 1; lastKnownFileType = sourcecode.swift; path = WatchSyncReceiver.swift; sourceTree = "<group>"; };
		CDF7B7FB2EE27650318EC4BE /* Assets.xcassets */ = {isa = PBXFileReference; includeInIndex = 1; lastKnownFileType = folder.assetcatalog; path = Assets.xcassets; sourceTree = "<group>"; };
		D2C6D1C12BA699C6CCB4321F /* LibraryDebutCopy.swift */ = {isa = PBXFileReference; includeInIndex = 1; lastKnownFileType = sourcecode.swift; name = LibraryDebutCopy.swift; path = flaccy/LibraryDebutCopy.swift; sourceTree = "<group>"; };
		D9D577CC6BEB2186B819E18E /* ArtworkView.swift */ = {isa = PBXFileReference; includeInIndex = 1; lastKnownFileType = sourcecode.swift; name = ArtworkView.swift; path = Support/ArtworkView.swift; sourceTree = "<group>"; };
		E8BB90B89C3A5EB505C63873 /* WatchLibraryStore.swift */ = {isa = PBXFileReference; includeInIndex = 1; lastKnownFileType = sourcecode.swift; path = WatchLibraryStore.swift; sourceTree = "<group>"; };
		F00D1E78AD4A75E517B0EBA1 /* WatchDebutSummaryView.swift */ = {isa = PBXFileReference; includeInIndex = 1; lastKnownFileType = sourcecode.swift; name = WatchDebutSummaryView.swift; path = Views/WatchDebutSummaryView.swift; sourceTree = "<group>"; };
/* End PBXFileReference section */

/* Begin PBXFileSystemSynchronizedBuildFileExceptionSet section */
		2C2776DC2F7D0283007FF196 /* Exceptions for "flaccy" folder in "flaccy" target */ = {
			isa = PBXFileSystemSynchronizedBuildFileExceptionSet;
			membershipExceptions = (
				Info.plist,
			);
			target = 2C2776C92F7D0282007FF196 /* flaccy */;
		};
		59C11B5B941635272E990A36 /* Exceptions for "flaccy" folder in "flaccyMac" target */ = {
			isa = PBXFileSystemSynchronizedBuildFileExceptionSet;
			membershipExceptions = (
				AlbumCell.swift,
				AlbumDetailViewController.swift,
				AmbientPaletteBackdropView.swift,
				AppAppearance.swift,
				AppDelegate.swift,
				ArtistDetailViewController.swift,
				ArtistImageService.swift,
				Assets.xcassets,
				ChartsViewController.swift,
				EnrichmentReportViewController.swift,
				FilterChipsView.swift,
				HeatmapView.swift,
				IdentifiedSegmentedControl.swift,
				Info.plist,
				LibraryDebutSummaryCard.swift,
				LibraryDebutView.swift,
				LibraryMosaicView.swift,
				LibraryStatusBanner.swift,
				LibraryViewController.swift,
				LiquidGlass.swift,
				ListeningClockView.swift,
				ListeningGuideViewController.swift,
				LoveButton.swift,
				LyricsViewController.swift,
				MarqueeLabel.swift,
				MiniPlayerView.swift,
				NowPlayingBackdropView.swift,
				NowPlayingViewController.swift,
				PaywallViewController.swift,
				PlayerContainerViewController.swift,
				PlaylistDetailViewController.swift,
				PrivacyInfo.xcprivacy,
				QualityBadgeView.swift,
				QueueViewController.swift,
				RecapCells.swift,
				RecapNotificationScheduler.swift,
				RecapNotificationsViewController.swift,
				RecapShareCardView.swift,
				SceneDelegate.swift,
				ScrubberView.swift,
				Secrets.swift.example,
				SectionIndexView.swift,
				SettingsHeaderView.swift,
				SettingsViewController.swift,
				SonglinkShareable.swift,
				StreamingLinksViewController.swift,
				SystemVolumeSlider.swift,
				ToastView.swift,
				TrackContextMenu.swift,
				TrackGridCell.swift,
				WantlistViewController.swift,
				WatchSyncService.swift,
				WatchSyncViewController.swift,
				YearInMusicStoryView.swift,
				YearInMusicViewController.swift,
			);
			target = 87865B95620E8A89697320AA /* flaccyMac */;
		};
		E4E2E377325CB0F1DC42FA60 /* Exceptions for "flaccyMac" folder in "flaccyMac" target */ = {
			isa = PBXFileSystemSynchronizedBuildFileExceptionSet;
			membershipExceptions = (
				Info.plist,
			);
			target = 87865B95620E8A89697320AA /* flaccyMac */;
		};
/* End PBXFileSystemSynchronizedBuildFileExceptionSet section */

/* Begin PBXFileSystemSynchronizedRootGroup section */
		2B3287BCA5BE0FDC3FC9217B /* flaccyMac */ = {
			isa = PBXFileSystemSynchronizedRootGroup;
			exceptions = (
				E4E2E377325CB0F1DC42FA60 /* Exceptions for "flaccyMac" folder in "flaccyMac" target */,
			);
			path = flaccyMac;
			sourceTree = "<group>";
		};
		2C2776CC2F7D0282007FF196 /* flaccy */ = {
			isa = PBXFileSystemSynchronizedRootGroup;
			exceptions = (
				2C2776DC2F7D0283007FF196 /* Exceptions for "flaccy" folder in "flaccy" target */,
				59C11B5B941635272E990A36 /* Exceptions for "flaccy" folder in "flaccyMac" target */,
			);
			path = flaccy;
			sourceTree = "<group>";
		};
		8B3F5C02CFF1C98FB1BF8562 /* flaccyMacUITests */ = {
			isa = PBXFileSystemSynchronizedRootGroup;
			exceptions = (
			);
			path = flaccyMacUITests;
			sourceTree = "<group>";
		};
		AA00UITESTGROUP000000001 /* flaccyUITests */ = {
			isa = PBXFileSystemSynchronizedRootGroup;
			exceptions = (
			);
			path = flaccyUITests;
			sourceTree = "<group>";
		};
/* End PBXFileSystemSynchronizedRootGroup section */

/* Begin PBXFrameworksBuildPhase section */
		0C94EA57D868FF03770F5932 /* Frameworks */ = {
			isa = PBXFrameworksBuildPhase;
			buildActionMask = 2147483647;
			files = (
				E9970FA6D1EC49C0BCAF9677 /* Foundation.framework in Frameworks */,
			);
			runOnlyForDeploymentPostprocessing = 0;
		};
		2C2776C72F7D0282007FF196 /* Frameworks */ = {
			isa = PBXFrameworksBuildPhase;
			buildActionMask = 2147483647;
			files = (
				2C2777462F7D0B80007FF196 /* GRDB in Frameworks */,
				0BB345FBD38D4072779FC1A1 /* FlaccyCore in Frameworks */,
			);
			runOnlyForDeploymentPostprocessing = 0;
		};
		82D8D96669C3CDB45993605A /* Frameworks */ = {
			isa = PBXFrameworksBuildPhase;
			buildActionMask = 2147483647;
			files = (
				20364068D2334231B84E65AD /* Foundation.framework in Frameworks */,
				4114B9F2DAEFCEF2104A7CF6 /* FlaccyCore in Frameworks */,
			);
			runOnlyForDeploymentPostprocessing = 0;
		};
		A01E7021744B1A5074BA345B /* Frameworks */ = {
			isa = PBXFrameworksBuildPhase;
			buildActionMask = 2147483647;
			files = (
				A1D00E014A13D8A615E7C46D /* Cocoa.framework in Frameworks */,
			);
			runOnlyForDeploymentPostprocessing = 0;
		};
		AA00UITESTFRAMEWORKS0001 /* Frameworks */ = {
			isa = PBXFrameworksBuildPhase;
			buildActionMask = 2147483647;
			files = (
			);
			runOnlyForDeploymentPostprocessing = 0;
		};
		B5BE797197EACFF003BC9C66 /* Frameworks */ = {
			isa = PBXFrameworksBuildPhase;
			buildActionMask = 2147483647;
			files = (
				EBDAC9950D4E8507C67D4518 /* Cocoa.framework in Frameworks */,
				2C21267046BDFDCB76F13F69 /* FlaccyCore in Frameworks */,
				8E47E1D598B706E94B056080 /* GRDB in Frameworks */,
			);
			runOnlyForDeploymentPostprocessing = 0;
		};
/* End PBXFrameworksBuildPhase section */

/* Begin PBXGroup section */
		15B5311A7E82EDA911001AC6 /* flaccyTests */ = {
			isa = PBXGroup;
			children = (
				ADAD3DBD7F3EF9060D9CB722 /* DatabaseManagerEnrichmentTests.swift */,
				619EA141A4B4BEFC29745792 /* DatabaseMigrationTests.swift */,
			);
			name = flaccyTests;
			path = flaccyTests;
			sourceTree = "<group>";
		};
		2C2776C12F7D0282007FF196 = {
			isa = PBXGroup;
			children = (
				2C2776CC2F7D0282007FF196 /* flaccy */,
				AA00UITESTGROUP000000001 /* flaccyUITests */,
				2C2776CB2F7D0282007FF196 /* Products */,
				F7E3E335AA05BD4FE7CF88E7 /* Frameworks */,
				2B3287BCA5BE0FDC3FC9217B /* flaccyMac */,
				8B3F5C02CFF1C98FB1BF8562 /* flaccyMacUITests */,
				15B5311A7E82EDA911001AC6 /* flaccyTests */,
				B2FBD5F04577E9116AAA667D /* flaccyWatch Watch App */,
				53AB4D5D7EBD538B74CD2599 /* Shared Copy */,
			);
			sourceTree = "<group>";
		};
		2C2776CB2F7D0282007FF196 /* Products */ = {
			isa = PBXGroup;
			children = (
				2C2776CA2F7D0282007FF196 /* flaccy.app */,
				AA00UITESTPRODUCT0000001 /* flaccyUITests.xctest */,
				714CC32EDD5BF636A0B806F2 /* flaccyWatch Watch App.app */,
				483CF523EE5ED3E295BFF6B1 /* Flaccy.app */,
				5174AF607781A6F23E0F345D /* flaccyMacUITests.xctest */,
				2DB333CC150B8B35EA228C7F /* flaccyTests.xctest */,
			);
			name = Products;
			sourceTree = "<group>";
		};
		364AF73837E0D93117DA2F7E /* OS X */ = {
			isa = PBXGroup;
			children = (
				C1AB36944B652EA1E9E81BEA /* Cocoa.framework */,
			);
			name = "OS X";
			sourceTree = "<group>";
		};
		53AB4D5D7EBD538B74CD2599 /* Shared Copy */ = {
			isa = PBXGroup;
			children = (
				1646ED4EB3C394FC6406048B /* LibraryLoadPhaseCopy.swift */,
				BB05CD0BDFF50AD5F7C4C4CB /* EnrichmentJobCopy.swift */,
				D2C6D1C12BA699C6CCB4321F /* LibraryDebutCopy.swift */,
			);
			name = "Shared Copy";
			sourceTree = "<group>";
		};
		937ACA69B8A57323276B0855 /* watchOS */ = {
			isa = PBXGroup;
			children = (
				2F54FEC40BC514CE9408F611 /* Foundation.framework */,
			);
			name = watchOS;
			sourceTree = "<group>";
		};
		B2FBD5F04577E9116AAA667D /* flaccyWatch Watch App */ = {
			isa = PBXGroup;
			children = (
				3EA27C450E8835789FFFECFC /* SampleContent.swift */,
				D9D577CC6BEB2186B819E18E /* ArtworkView.swift */,
				837AB16168DE572D1E53A971 /* WatchTheme.swift */,
				C402134FF933306B7C6943F4 /* AlbumDetailView.swift */,
				4ECB8D4D945F274FEEBB35DC /* EnrichmentStatusRow.swift */,
				B7C8AAC3BBAE717452A9B9AE /* LibraryView.swift */,
				83E026CF71986B037C412588 /* NowPlayingView.swift */,
				3238B37A95CF4C0D0E2BC187 /* RootView.swift */,
				04141D7257966D180B7FF43B /* ScanProgressView.swift */,
				F00D1E78AD4A75E517B0EBA1 /* WatchDebutSummaryView.swift */,
				985E9E1F8B543319E977BE52 /* WatchAudioPlayer.swift */,
				E8BB90B89C3A5EB505C63873 /* WatchLibraryStore.swift */,
				CD0A0425DD0D74672B6134D0 /* WatchSyncReceiver.swift */,
				11FC3EEB18AAFEDF21A271E2 /* flaccyWatchApp.swift */,
				CDF7B7FB2EE27650318EC4BE /* Assets.xcassets */,
				59F8BBC1B5676BB291B0FBAD /* Info.plist */,
			);
			name = "flaccyWatch Watch App";
			path = "flaccyWatch Watch App";
			sourceTree = "<group>";
		};
		E80B8F810BD523F06C80D451 /* iOS */ = {
			isa = PBXGroup;
			children = (
				BE89F29B26EC5F4E7FE691A5 /* Foundation.framework */,
			);
			name = iOS;
			sourceTree = "<group>";
		};
		F7E3E335AA05BD4FE7CF88E7 /* Frameworks */ = {
			isa = PBXGroup;
			children = (
				937ACA69B8A57323276B0855 /* watchOS */,
				364AF73837E0D93117DA2F7E /* OS X */,
				E80B8F810BD523F06C80D451 /* iOS */,
			);
			name = Frameworks;
			sourceTree = "<group>";
		};
/* End PBXGroup section */

/* Begin PBXNativeTarget section */
		2C2776C92F7D0282007FF196 /* flaccy */ = {
			isa = PBXNativeTarget;
			buildConfigurationList = 2C2776DD2F7D0283007FF196 /* Build configuration list for PBXNativeTarget "flaccy" */;
			buildPhases = (
				2C2776C62F7D0282007FF196 /* Sources */,
				2C2776C72F7D0282007FF196 /* Frameworks */,
				2C2776C82F7D0282007FF196 /* Resources */,
				2C27775B2F7D0400007FF196 /* Embed Foundation Extensions */,
				9C292215C54F089F243EB55C /* Embed Watch Content */,
			);
			buildRules = (
			);
			dependencies = (
				B17E6D248FB45949133CC076 /* PBXTargetDependency */,
			);
			fileSystemSynchronizedGroups = (
				2C2776CC2F7D0282007FF196 /* flaccy */,
			);
			name = flaccy;
			packageProductDependencies = (
				2C2777012F7D0301007FF196 /* GRDB */,
				D2E21F4867B0D1251124B5D3 /* FlaccyCore */,
				2CAA00022F000002007FF196 /* MidgarKit */,
			);
			productName = flaccy;
			productReference = 2C2776CA2F7D0282007FF196 /* flaccy.app */;
			productType = "com.apple.product-type.application";
		};
		84B9A2B3431462EE44D357D9 /* flaccyMacUITests */ = {
			isa = PBXNativeTarget;
			buildConfigurationList = BBE98267987F6FEFF70459CA /* Build configuration list for PBXNativeTarget "flaccyMacUITests" */;
			buildPhases = (
				0BDB63D47DCAB4B9C650D38B /* Sources */,
				A01E7021744B1A5074BA345B /* Frameworks */,
				42D42BCE8EB26176CE418C2C /* Resources */,
			);
			buildRules = (
			);
			dependencies = (
				33516B05625BA55377141A2A /* PBXTargetDependency */,
			);
			fileSystemSynchronizedGroups = (
				8B3F5C02CFF1C98FB1BF8562 /* flaccyMacUITests */,
			);
			name = flaccyMacUITests;
			productName = flaccyMacUITests;
			productReference = 5174AF607781A6F23E0F345D /* flaccyMacUITests.xctest */;
			productType = "com.apple.product-type.bundle.ui-testing";
		};
		87865B95620E8A89697320AA /* flaccyMac */ = {
			isa = PBXNativeTarget;
			buildConfigurationList = B056BAC146C23C016D664C4B /* Build configuration list for PBXNativeTarget "flaccyMac" */;
			buildPhases = (
				805527A229EB58C047C7A535 /* Sources */,
				B5BE797197EACFF003BC9C66 /* Frameworks */,
				FC84BA3367066B92C2872F7C /* Resources */,
			);
			buildRules = (
			);
			dependencies = (
			);
			fileSystemSynchronizedGroups = (
				2B3287BCA5BE0FDC3FC9217B /* flaccyMac */,
				2C2776CC2F7D0282007FF196 /* flaccy */,
			);
			name = flaccyMac;
			packageProductDependencies = (
				A734BCDDBC66217E19FC32B7 /* FlaccyCore */,
				C433D55BD6A1974A842EC01C /* GRDB */,
			);
			productName = flaccyMac;
			productReference = 483CF523EE5ED3E295BFF6B1 /* Flaccy.app */;
			productType = "com.apple.product-type.application";
		};
		AA00UITESTTARGET00000001 /* flaccyUITests */ = {
			isa = PBXNativeTarget;
			buildConfigurationList = AA00UITESTCONFLIST000001 /* Build configuration list for PBXNativeTarget "flaccyUITests" */;
			buildPhases = (
				AA00UITESTSOURCES0000001 /* Sources */,
				AA00UITESTFRAMEWORKS0001 /* Frameworks */,
			);
			buildRules = (
			);
			dependencies = (
				AA00UITESTDEPENDENCY0001 /* PBXTargetDependency */,
			);
			fileSystemSynchronizedGroups = (
				AA00UITESTGROUP000000001 /* flaccyUITests */,
			);
			name = flaccyUITests;
			productName = flaccyUITests;
			productReference = AA00UITESTPRODUCT0000001 /* flaccyUITests.xctest */;
			productType = "com.apple.product-type.bundle.ui-testing";
		};
		C4DCD2300998C56513CEC9E8 /* flaccyTests */ = {
			isa = PBXNativeTarget;
			buildConfigurationList = C2F9EA766A7EF5B3EB39A186 /* Build configuration list for PBXNativeTarget "flaccyTests" */;
			buildPhases = (
				2434826F8267F415944D422F /* Sources */,
				0C94EA57D868FF03770F5932 /* Frameworks */,
				3AE23A7D12B23D568165A466 /* Resources */,
			);
			buildRules = (
			);
			dependencies = (
				1532E153A6C3B6894223B2E9 /* PBXTargetDependency */,
			);
			name = flaccyTests;
			productName = flaccyTests;
			productReference = 2DB333CC150B8B35EA228C7F /* flaccyTests.xctest */;
			productType = "com.apple.product-type.bundle.unit-test";
		};
		DE0477C1A3CAE5D10A3D4168 /* flaccyWatch Watch App */ = {
			isa = PBXNativeTarget;
			buildConfigurationList = 5DB352AA23A1B7E07B26DC5F /* Build configuration list for PBXNativeTarget "flaccyWatch Watch App" */;
			buildPhases = (
				869246149F391E43A7FE0395 /* Sources */,
				82D8D96669C3CDB45993605A /* Frameworks */,
				3949682C6E87778D562C23CC /* Resources */,
			);
			buildRules = (
			);
			dependencies = (
			);
			name = "flaccyWatch Watch App";
			packageProductDependencies = (
				5939164CA91FCC865B69DB94 /* FlaccyCore */,
			);
			productName = "flaccyWatch Watch App";
			productReference = 714CC32EDD5BF636A0B806F2 /* flaccyWatch Watch App.app */;
			productType = "com.apple.product-type.application";
		};
/* End PBXNativeTarget section */

/* Begin PBXProject section */
		2C2776C22F7D0282007FF196 /* Project object */ = {
			isa = PBXProject;
			attributes = {
				BuildIndependentTargetsInParallel = 1;
				LastSwiftUpdateCheck = 2640;
				LastUpgradeCheck = 2640;
				TargetAttributes = {
					2C2776C92F7D0282007FF196 = {
						CreatedOnToolsVersion = 26.4;
					};
				};
			};
			buildConfigurationList = 2C2776C52F7D0282007FF196 /* Build configuration list for PBXProject "flaccy" */;
			developmentRegion = en;
			hasScannedForEncodings = 0;
			knownRegions = (
				en,
				Base,
				de,
				es,
				fr,
				it,
				ja,
				ko,
				"pt-BR",
				"zh-Hans",
				"zh-Hant",
			);
			mainGroup = 2C2776C12F7D0282007FF196;
			minimizedProjectReferenceProxies = 1;
			packageReferences = (
				2C2777002F7D0300007FF196 /* XCRemoteSwiftPackageReference "GRDB.swift" */,
				87B8F983431A9C5256D98CCC /* XCLocalSwiftPackageReference "FlaccyCore" */,
				2CAA00012F000001007FF196 /* XCRemoteSwiftPackageReference "MidgarKit" */,
			);
			preferredProjectObjectVersion = 77;
			productRefGroup = 2C2776CB2F7D0282007FF196 /* Products */;
			projectDirPath = "";
			projectRoot = "";
			targets = (
				2C2776C92F7D0282007FF196 /* flaccy */,
				AA00UITESTTARGET00000001 /* flaccyUITests */,
				DE0477C1A3CAE5D10A3D4168 /* flaccyWatch Watch App */,
				87865B95620E8A89697320AA /* flaccyMac */,
				84B9A2B3431462EE44D357D9 /* flaccyMacUITests */,
				C4DCD2300998C56513CEC9E8 /* flaccyTests */,
			);
		};
/* End PBXProject section */

/* Begin PBXResourcesBuildPhase section */
		2C2776C82F7D0282007FF196 /* Resources */ = {
			isa = PBXResourcesBuildPhase;
			buildActionMask = 2147483647;
			files = (
			);
			runOnlyForDeploymentPostprocessing = 0;
		};
		3949682C6E87778D562C23CC /* Resources */ = {
			isa = PBXResourcesBuildPhase;
			buildActionMask = 2147483647;
			files = (
				01046B7354523DEF5F470612 /* Assets.xcassets in Resources */,
			);
			runOnlyForDeploymentPostprocessing = 0;
		};
		3AE23A7D12B23D568165A466 /* Resources */ = {
			isa = PBXResourcesBuildPhase;
			buildActionMask = 2147483647;
			files = (
			);
			runOnlyForDeploymentPostprocessing = 0;
		};
		42D42BCE8EB26176CE418C2C /* Resources */ = {
			isa = PBXResourcesBuildPhase;
			buildActionMask = 2147483647;
			files = (
			);
			runOnlyForDeploymentPostprocessing = 0;
		};
		FC84BA3367066B92C2872F7C /* Resources */ = {
			isa = PBXResourcesBuildPhase;
			buildActionMask = 2147483647;
			files = (
			);
			runOnlyForDeploymentPostprocessing = 0;
		};
/* End PBXResourcesBuildPhase section */

/* Begin PBXSourcesBuildPhase section */
		0BDB63D47DCAB4B9C650D38B /* Sources */ = {
			isa = PBXSourcesBuildPhase;
			buildActionMask = 2147483647;
			files = (
			);
			runOnlyForDeploymentPostprocessing = 0;
		};
		2434826F8267F415944D422F /* Sources */ = {
			isa = PBXSourcesBuildPhase;
			buildActionMask = 2147483647;
			files = (
				116895A2A917B259B81DA330 /* DatabaseManagerEnrichmentTests.swift in Sources */,
				53EF5930CEB68FBD982F5AB8 /* DatabaseMigrationTests.swift in Sources */,
			);
			runOnlyForDeploymentPostprocessing = 0;
		};
		2C2776C62F7D0282007FF196 /* Sources */ = {
			isa = PBXSourcesBuildPhase;
			buildActionMask = 2147483647;
			files = (
			);
			runOnlyForDeploymentPostprocessing = 0;
		};
		805527A229EB58C047C7A535 /* Sources */ = {
			isa = PBXSourcesBuildPhase;
			buildActionMask = 2147483647;
			files = (
			);
			runOnlyForDeploymentPostprocessing = 0;
		};
		869246149F391E43A7FE0395 /* Sources */ = {
			isa = PBXSourcesBuildPhase;
			buildActionMask = 2147483647;
			files = (
				98897BA08851917538C5F5AF /* SampleContent.swift in Sources */,
				229AA98DC63BFBDD78ADBBED /* ArtworkView.swift in Sources */,
				CBA976E6F92EC1C15A7FA620 /* WatchTheme.swift in Sources */,
				D9CDAE92B6E8512861E552D4 /* AlbumDetailView.swift in Sources */,
				D447A95CAB0EBEE6A6F218B9 /* EnrichmentStatusRow.swift in Sources */,
				66DE7AF197E8388E78AA5A0D /* LibraryView.swift in Sources */,
				425DA6758294BF9C160EBDBA /* NowPlayingView.swift in Sources */,
				982A7219DB26B9EACF868222 /* RootView.swift in Sources */,
				D5107651BFBF16CED19E1C52 /* ScanProgressView.swift in Sources */,
				736B4585DEDB7F3A41896C46 /* WatchDebutSummaryView.swift in Sources */,
				1C05DBDE3F071539DA56DF66 /* WatchAudioPlayer.swift in Sources */,
				A36803C9E3EC349713DBBEAD /* WatchLibraryStore.swift in Sources */,
				FDB0556A76444AE69CED1C5B /* WatchSyncReceiver.swift in Sources */,
				EF99BDC3366FE6B784932BD8 /* flaccyWatchApp.swift in Sources */,
				CCEC6E873883D2AB65540E36 /* LibraryLoadPhaseCopy.swift in Sources */,
				FF6185B6D397BDB33AA21772 /* EnrichmentJobCopy.swift in Sources */,
				DF1675B5B768AE538CDEA180 /* LibraryDebutCopy.swift in Sources */,
			);
			runOnlyForDeploymentPostprocessing = 0;
		};
		AA00UITESTSOURCES0000001 /* Sources */ = {
			isa = PBXSourcesBuildPhase;
			buildActionMask = 2147483647;
			files = (
			);
			runOnlyForDeploymentPostprocessing = 0;
		};
/* End PBXSourcesBuildPhase section */

/* Begin PBXTargetDependency section */
		1532E153A6C3B6894223B2E9 /* PBXTargetDependency */ = {
			isa = PBXTargetDependency;
			name = flaccy;
			target = 2C2776C92F7D0282007FF196 /* flaccy */;
			targetProxy = E23A40FB2FEFCDCC5E6581B3 /* PBXContainerItemProxy */;
		};
		33516B05625BA55377141A2A /* PBXTargetDependency */ = {
			isa = PBXTargetDependency;
			name = flaccyMac;
			target = 87865B95620E8A89697320AA /* flaccyMac */;
			targetProxy = 0CFC9E09C3D8DC5D193A6D86 /* PBXContainerItemProxy */;
		};
		AA00UITESTDEPENDENCY0001 /* PBXTargetDependency */ = {
			isa = PBXTargetDependency;
			name = flaccy;
			target = 2C2776C92F7D0282007FF196 /* flaccy */;
			targetProxy = AA00UITESTPROXY00000001 /* PBXContainerItemProxy */;
		};
		B17E6D248FB45949133CC076 /* PBXTargetDependency */ = {
			isa = PBXTargetDependency;
			name = "flaccyWatch Watch App";
			target = DE0477C1A3CAE5D10A3D4168 /* flaccyWatch Watch App */;
			targetProxy = 313486C10012669327EF7ED8 /* PBXContainerItemProxy */;
		};
/* End PBXTargetDependency section */

/* Begin XCBuildConfiguration section */
		020192F059FCDEFAF278E655 /* Debug */ = {
			isa = XCBuildConfiguration;
			buildSettings = {
				ALWAYS_EMBED_SWIFT_STANDARD_LIBRARIES = YES;
				ASSETCATALOG_COMPILER_APPICON_NAME = AppIcon;
				ASSETCATALOG_COMPILER_GLOBAL_ACCENT_COLOR_NAME = AccentColor;
				CODE_SIGN_STYLE = Automatic;
				CURRENT_PROJECT_VERSION = 1;
				DEVELOPMENT_TEAM = P4DQK6SRKR;
				ENABLE_PREVIEWS = YES;
				GENERATE_INFOPLIST_FILE = YES;
				INFOPLIST_FILE = "flaccyWatch Watch App/Info.plist";
				INFOPLIST_KEY_CFBundleDisplayName = Flaccy;
				INFOPLIST_KEY_ITSAppUsesNonExemptEncryption = NO;
				INFOPLIST_KEY_UISupportedInterfaceOrientations = "UIInterfaceOrientationPortrait UIInterfaceOrientationPortraitUpsideDown";
				LD_RUNPATH_SEARCH_PATHS = (
					"$(inherited)",
					"@executable_path/Frameworks",
				);
				MARKETING_VERSION = 1.0;
				PRODUCT_BUNDLE_IDENTIFIER = com.midgarcorp.flaccy.watchkitapp;
				PRODUCT_NAME = "$(TARGET_NAME)";
				SDKROOT = watchos;
				SKIP_INSTALL = NO;
				SWIFT_EMIT_LOC_STRINGS = YES;
				SWIFT_VERSION = 5.0;
				TARGETED_DEVICE_FAMILY = 4;
				WATCHOS_DEPLOYMENT_TARGET = 11.0;
			};
			name = Debug;
		};
		1C6050FACC00855BEC65BCA7 /* Release */ = {
			isa = XCBuildConfiguration;
			buildSettings = {
				CODE_SIGN_STYLE = Automatic;
				DEVELOPMENT_TEAM = P4DQK6SRKR;
				GENERATE_INFOPLIST_FILE = YES;
				LD_RUNPATH_SEARCH_PATHS = (
					"$(inherited)",
					"@executable_path/../Frameworks",
					"@loader_path/../Frameworks",
				);
				MACOSX_DEPLOYMENT_TARGET = 26.0;
				PRODUCT_BUNDLE_IDENTIFIER = com.midgarcorp.flaccy.mac.uitests;
				PRODUCT_NAME = flaccyMacUITests;
				SDKROOT = macosx;
				SWIFT_VERSION = 5.0;
				TEST_TARGET_NAME = flaccyMac;
			};
			name = Release;
		};
		2C2776DE2F7D0283007FF196 /* Debug */ = {
			isa = XCBuildConfiguration;
			buildSettings = {
				ASSETCATALOG_COMPILER_APPICON_NAME = AppIcon;
				ASSETCATALOG_COMPILER_GLOBAL_ACCENT_COLOR_NAME = AccentColor;
				CODE_SIGN_IDENTITY = "Apple Development: Marcus Ziadé (AUJJ76QHS7)";
				CODE_SIGN_STYLE = Manual;
				CURRENT_PROJECT_VERSION = 2;
				DEVELOPMENT_TEAM = P4DQK6SRKR;
				GENERATE_INFOPLIST_FILE = YES;
				INFOPLIST_FILE = flaccy/Info.plist;
				INFOPLIST_KEY_LSApplicationCategoryType = "public.app-category.music";
				INFOPLIST_KEY_UIApplicationSupportsIndirectInputEvents = YES;
				INFOPLIST_KEY_UILaunchStoryboardName = LaunchScreen;
				INFOPLIST_KEY_UISupportedInterfaceOrientations = UIInterfaceOrientationPortrait;
				INFOPLIST_KEY_UISupportedInterfaceOrientations_iPad = "UIInterfaceOrientationLandscapeLeft UIInterfaceOrientationLandscapeRight UIInterfaceOrientationPortrait UIInterfaceOrientationPortraitUpsideDown";
				IPHONEOS_DEPLOYMENT_TARGET = 18.6;
				LD_RUNPATH_SEARCH_PATHS = (
					"$(inherited)",
					"@executable_path/Frameworks",
				);
				MARKETING_VERSION = 1.0;
				PRODUCT_BUNDLE_IDENTIFIER = com.midgarcorp.flaccy;
				PRODUCT_NAME = "$(TARGET_NAME)";
				PROVISIONING_PROFILE_SPECIFIER = "flaccy Dev Air";
				STRING_CATALOG_GENERATE_SYMBOLS = YES;
				SUPPORTED_PLATFORMS = "iphoneos iphonesimulator";
				SUPPORTS_MACCATALYST = NO;
				SUPPORTS_MAC_DESIGNED_FOR_IPHONE_IPAD = NO;
				SUPPORTS_XR_DESIGNED_FOR_IPHONE_IPAD = NO;
				SWIFT_APPROACHABLE_CONCURRENCY = YES;
				SWIFT_DEFAULT_ACTOR_ISOLATION = MainActor;
				SWIFT_EMIT_LOC_STRINGS = YES;
				SWIFT_UPCOMING_FEATURE_MEMBER_IMPORT_VISIBILITY = YES;
				SWIFT_VERSION = 5.0;
				TARGETED_DEVICE_FAMILY = 1;
			};
			name = Debug;
		};
		2C2776DF2F7D0283007FF196 /* Release */ = {
			isa = XCBuildConfiguration;
			buildSettings = {
				ASSETCATALOG_COMPILER_APPICON_NAME = AppIcon;
				ASSETCATALOG_COMPILER_GLOBAL_ACCENT_COLOR_NAME = AccentColor;
				CODE_SIGN_IDENTITY = "Apple Distribution";
				CODE_SIGN_STYLE = Manual;
				CURRENT_PROJECT_VERSION = 2;
				DEVELOPMENT_TEAM = P4DQK6SRKR;
				GENERATE_INFOPLIST_FILE = YES;
				INFOPLIST_FILE = flaccy/Info.plist;
				INFOPLIST_KEY_LSApplicationCategoryType = "public.app-category.music";
				INFOPLIST_KEY_UIApplicationSupportsIndirectInputEvents = YES;
				INFOPLIST_KEY_UILaunchStoryboardName = LaunchScreen;
				INFOPLIST_KEY_UISupportedInterfaceOrientations = UIInterfaceOrientationPortrait;
				INFOPLIST_KEY_UISupportedInterfaceOrientations_iPad = "UIInterfaceOrientationLandscapeLeft UIInterfaceOrientationLandscapeRight UIInterfaceOrientationPortrait UIInterfaceOrientationPortraitUpsideDown";
				IPHONEOS_DEPLOYMENT_TARGET = 18.6;
				LD_RUNPATH_SEARCH_PATHS = (
					"$(inherited)",
					"@executable_path/Frameworks",
				);
				MARKETING_VERSION = 1.0;
				PRODUCT_BUNDLE_IDENTIFIER = com.midgarcorp.flaccy;
				PRODUCT_NAME = "$(TARGET_NAME)";
				PROVISIONING_PROFILE_SPECIFIER = "flaccy AppStore 2026";
				STRING_CATALOG_GENERATE_SYMBOLS = YES;
				SUPPORTED_PLATFORMS = "iphoneos iphonesimulator";
				SUPPORTS_MACCATALYST = NO;
				SUPPORTS_MAC_DESIGNED_FOR_IPHONE_IPAD = NO;
				SUPPORTS_XR_DESIGNED_FOR_IPHONE_IPAD = NO;
				SWIFT_APPROACHABLE_CONCURRENCY = YES;
				SWIFT_DEFAULT_ACTOR_ISOLATION = MainActor;
				SWIFT_EMIT_LOC_STRINGS = YES;
				SWIFT_UPCOMING_FEATURE_MEMBER_IMPORT_VISIBILITY = YES;
				SWIFT_VERSION = 5.0;
				TARGETED_DEVICE_FAMILY = 1;
			};
			name = Release;
		};
		2C2776E02F7D0283007FF196 /* Debug */ = {
			isa = XCBuildConfiguration;
			buildSettings = {
				ALWAYS_SEARCH_USER_PATHS = NO;
				ASSETCATALOG_COMPILER_GENERATE_SWIFT_ASSET_SYMBOL_EXTENSIONS = YES;
				CLANG_ANALYZER_NONNULL = YES;
				CLANG_ANALYZER_NUMBER_OBJECT_CONVERSION = YES_AGGRESSIVE;
				CLANG_CXX_LANGUAGE_STANDARD = "gnu++20";
				CLANG_ENABLE_MODULES = YES;
				CLANG_ENABLE_OBJC_ARC = YES;
				CLANG_ENABLE_OBJC_WEAK = YES;
				CLANG_WARN_BLOCK_CAPTURE_AUTORELEASING = YES;
				CLANG_WARN_BOOL_CONVERSION = YES;
				CLANG_WARN_COMMA = YES;
				CLANG_WARN_CONSTANT_CONVERSION = YES;
				CLANG_WARN_DEPRECATED_OBJC_IMPLEMENTATIONS = YES;
				CLANG_WARN_DIRECT_OBJC_ISA_USAGE = YES_ERROR;
				CLANG_WARN_DOCUMENTATION_COMMENTS = YES;
				CLANG_WARN_EMPTY_BODY = YES;
				CLANG_WARN_ENUM_CONVERSION = YES;
				CLANG_WARN_INFINITE_RECURSION = YES;
				CLANG_WARN_INT_CONVERSION = YES;
				CLANG_WARN_NON_LITERAL_NULL_CONVERSION = YES;
				CLANG_WARN_OBJC_IMPLICIT_RETAIN_SELF = YES;
				CLANG_WARN_OBJC_LITERAL_CONVERSION = YES;
				CLANG_WARN_OBJC_ROOT_CLASS = YES_ERROR;
				CLANG_WARN_QUOTED_INCLUDE_IN_FRAMEWORK_HEADER = YES;
				CLANG_WARN_RANGE_LOOP_ANALYSIS = YES;
				CLANG_WARN_STRICT_PROTOTYPES = YES;
				CLANG_WARN_SUSPICIOUS_MOVE = YES;
				CLANG_WARN_UNGUARDED_AVAILABILITY = YES_AGGRESSIVE;
				CLANG_WARN_UNREACHABLE_CODE = YES;
				CLANG_WARN__DUPLICATE_METHOD_MATCH = YES;
				COPY_PHASE_STRIP = NO;
				DEBUG_INFORMATION_FORMAT = dwarf;
				DEVELOPMENT_TEAM = P4DQK6SRKR;
				ENABLE_STRICT_OBJC_MSGSEND = YES;
				ENABLE_TESTABILITY = YES;
				ENABLE_USER_SCRIPT_SANDBOXING = YES;
				GCC_C_LANGUAGE_STANDARD = gnu17;
				GCC_DYNAMIC_NO_PIC = NO;
				GCC_NO_COMMON_BLOCKS = YES;
				GCC_OPTIMIZATION_LEVEL = 0;
				GCC_PREPROCESSOR_DEFINITIONS = (
					"DEBUG=1",
					"$(inherited)",
				);
				GCC_WARN_64_TO_32_BIT_CONVERSION = YES;
				GCC_WARN_ABOUT_RETURN_TYPE = YES_ERROR;
				GCC_WARN_UNDECLARED_SELECTOR = YES;
				GCC_WARN_UNINITIALIZED_AUTOS = YES_AGGRESSIVE;
				GCC_WARN_UNUSED_FUNCTION = YES;
				GCC_WARN_UNUSED_VARIABLE = YES;
				IPHONEOS_DEPLOYMENT_TARGET = 26.4;
				LOCALIZATION_PREFERS_STRING_CATALOGS = YES;
				MTL_ENABLE_DEBUG_INFO = INCLUDE_SOURCE;
				MTL_FAST_MATH = YES;
				ONLY_ACTIVE_ARCH = YES;
				SDKROOT = iphoneos;
				SWIFT_ACTIVE_COMPILATION_CONDITIONS = "DEBUG $(inherited)";
				SWIFT_OPTIMIZATION_LEVEL = "-Onone";
			};
			name = Debug;
		};
		2C2776E12F7D0283007FF196 /* Release */ = {
			isa = XCBuildConfiguration;
			buildSettings = {
				ALWAYS_SEARCH_USER_PATHS = NO;
				ASSETCATALOG_COMPILER_GENERATE_SWIFT_ASSET_SYMBOL_EXTENSIONS = YES;
				CLANG_ANALYZER_NONNULL = YES;
				CLANG_ANALYZER_NUMBER_OBJECT_CONVERSION = YES_AGGRESSIVE;
				CLANG_CXX_LANGUAGE_STANDARD = "gnu++20";
				CLANG_ENABLE_MODULES = YES;
				CLANG_ENABLE_OBJC_ARC = YES;
				CLANG_ENABLE_OBJC_WEAK = YES;
				CLANG_WARN_BLOCK_CAPTURE_AUTORELEASING = YES;
				CLANG_WARN_BOOL_CONVERSION = YES;
				CLANG_WARN_COMMA = YES;
				CLANG_WARN_CONSTANT_CONVERSION = YES;
				CLANG_WARN_DEPRECATED_OBJC_IMPLEMENTATIONS = YES;
				CLANG_WARN_DIRECT_OBJC_ISA_USAGE = YES_ERROR;
				CLANG_WARN_DOCUMENTATION_COMMENTS = YES;
				CLANG_WARN_EMPTY_BODY = YES;
				CLANG_WARN_ENUM_CONVERSION = YES;
				CLANG_WARN_INFINITE_RECURSION = YES;
				CLANG_WARN_INT_CONVERSION = YES;
				CLANG_WARN_NON_LITERAL_NULL_CONVERSION = YES;
				CLANG_WARN_OBJC_IMPLICIT_RETAIN_SELF = YES;
				CLANG_WARN_OBJC_LITERAL_CONVERSION = YES;
				CLANG_WARN_OBJC_ROOT_CLASS = YES_ERROR;
				CLANG_WARN_QUOTED_INCLUDE_IN_FRAMEWORK_HEADER = YES;
				CLANG_WARN_RANGE_LOOP_ANALYSIS = YES;
				CLANG_WARN_STRICT_PROTOTYPES = YES;
				CLANG_WARN_SUSPICIOUS_MOVE = YES;
				CLANG_WARN_UNGUARDED_AVAILABILITY = YES_AGGRESSIVE;
				CLANG_WARN_UNREACHABLE_CODE = YES;
				CLANG_WARN__DUPLICATE_METHOD_MATCH = YES;
				COPY_PHASE_STRIP = NO;
				DEBUG_INFORMATION_FORMAT = "dwarf-with-dsym";
				DEVELOPMENT_TEAM = P4DQK6SRKR;
				ENABLE_NS_ASSERTIONS = NO;
				ENABLE_STRICT_OBJC_MSGSEND = YES;
				ENABLE_USER_SCRIPT_SANDBOXING = YES;
				GCC_C_LANGUAGE_STANDARD = gnu17;
				GCC_NO_COMMON_BLOCKS = YES;
				GCC_WARN_64_TO_32_BIT_CONVERSION = YES;
				GCC_WARN_ABOUT_RETURN_TYPE = YES_ERROR;
				GCC_WARN_UNDECLARED_SELECTOR = YES;
				GCC_WARN_UNINITIALIZED_AUTOS = YES_AGGRESSIVE;
				GCC_WARN_UNUSED_FUNCTION = YES;
				GCC_WARN_UNUSED_VARIABLE = YES;
				IPHONEOS_DEPLOYMENT_TARGET = 26.4;
				LOCALIZATION_PREFERS_STRING_CATALOGS = YES;
				MTL_ENABLE_DEBUG_INFO = NO;
				MTL_FAST_MATH = YES;
				SDKROOT = iphoneos;
				SWIFT_COMPILATION_MODE = wholemodule;
				VALIDATE_PRODUCT = YES;
			};
			name = Release;
		};
		40F5E6309FFAF89ADA5B3E18 /* Debug */ = {
			isa = XCBuildConfiguration;
			buildSettings = {
				BUNDLE_LOADER = "$(TEST_HOST)";
				CLANG_ENABLE_OBJC_WEAK = NO;
				CODE_SIGN_STYLE = Automatic;
				CURRENT_PROJECT_VERSION = 2;
				DEVELOPMENT_TEAM = P4DQK6SRKR;
				GENERATE_INFOPLIST_FILE = YES;
				IPHONEOS_DEPLOYMENT_TARGET = 18.6;
				MARKETING_VERSION = 1.0;
				PRODUCT_BUNDLE_IDENTIFIER = com.midgarcorp.flaccyTests;
				PRODUCT_NAME = "$(TARGET_NAME)";
				SDKROOT = iphoneos;
				SUPPORTED_PLATFORMS = "iphoneos iphonesimulator";
				SWIFT_APPROACHABLE_CONCURRENCY = YES;
				SWIFT_DEFAULT_ACTOR_ISOLATION = MainActor;
				SWIFT_EMIT_LOC_STRINGS = NO;
				SWIFT_UPCOMING_FEATURE_MEMBER_IMPORT_VISIBILITY = YES;
				SWIFT_VERSION = 5.0;
				TARGETED_DEVICE_FAMILY = 1;
				TEST_HOST = "$(BUILT_PRODUCTS_DIR)/flaccy.app/flaccy";
				TEST_TARGET_NAME = flaccy;
			};
			name = Debug;
		};
		421E1F7201253DEEC0AF0E80 /* Release */ = {
			isa = XCBuildConfiguration;
			buildSettings = {
				BUNDLE_LOADER = "$(TEST_HOST)";
				CLANG_ENABLE_OBJC_WEAK = NO;
				CODE_SIGN_STYLE = Automatic;
				CURRENT_PROJECT_VERSION = 2;
				DEVELOPMENT_TEAM = P4DQK6SRKR;
				GENERATE_INFOPLIST_FILE = YES;
				IPHONEOS_DEPLOYMENT_TARGET = 18.6;
				MARKETING_VERSION = 1.0;
				PRODUCT_BUNDLE_IDENTIFIER = com.midgarcorp.flaccyTests;
				PRODUCT_NAME = "$(TARGET_NAME)";
				SDKROOT = iphoneos;
				SUPPORTED_PLATFORMS = "iphoneos iphonesimulator";
				SWIFT_APPROACHABLE_CONCURRENCY = YES;
				SWIFT_DEFAULT_ACTOR_ISOLATION = MainActor;
				SWIFT_EMIT_LOC_STRINGS = NO;
				SWIFT_UPCOMING_FEATURE_MEMBER_IMPORT_VISIBILITY = YES;
				SWIFT_VERSION = 5.0;
				TARGETED_DEVICE_FAMILY = 1;
				TEST_HOST = "$(BUILT_PRODUCTS_DIR)/flaccy.app/flaccy";
				TEST_TARGET_NAME = flaccy;
				VALIDATE_PRODUCT = YES;
			};
			name = Release;
		};
		6CDFCF61E55D797B131A081B /* Debug */ = {
			isa = XCBuildConfiguration;
			buildSettings = {
				CODE_SIGN_STYLE = Automatic;
				DEVELOPMENT_TEAM = P4DQK6SRKR;
				GENERATE_INFOPLIST_FILE = YES;
				LD_RUNPATH_SEARCH_PATHS = (
					"$(inherited)",
					"@executable_path/../Frameworks",
					"@loader_path/../Frameworks",
				);
				MACOSX_DEPLOYMENT_TARGET = 26.0;
				PRODUCT_BUNDLE_IDENTIFIER = com.midgarcorp.flaccy.mac.uitests;
				PRODUCT_NAME = flaccyMacUITests;
				SDKROOT = macosx;
				SWIFT_VERSION = 5.0;
				TEST_TARGET_NAME = flaccyMac;
			};
			name = Debug;
		};
		996BB35AE35AACDC0C415DC0 /* Release */ = {
			isa = XCBuildConfiguration;
			buildSettings = {
				ASSETCATALOG_COMPILER_APPICON_NAME = AppIcon;
				ASSETCATALOG_COMPILER_GLOBAL_ACCENT_COLOR_NAME = AccentColor;
				CODE_SIGN_ENTITLEMENTS = flaccyMac/flaccyMac.entitlements;
				CODE_SIGN_IDENTITY = "Apple Distribution";
				CODE_SIGN_STYLE = Manual;
				COMBINE_HIDPI_IMAGES = YES;
				CURRENT_PROJECT_VERSION = 1;
				DEVELOPMENT_TEAM = P4DQK6SRKR;
				ENABLE_HARDENED_RUNTIME = NO;
				EXCLUDED_SOURCE_FILE_NAMES = LaunchScreen.storyboard;
				GENERATE_INFOPLIST_FILE = NO;
				INFOPLIST_FILE = flaccyMac/Info.plist;
				LD_RUNPATH_SEARCH_PATHS = (
					"$(inherited)",
					"@executable_path/../Frameworks",
				);
				MACOSX_DEPLOYMENT_TARGET = 26.0;
				MARKETING_VERSION = 1.0;
				PRODUCT_BUNDLE_IDENTIFIER = com.midgarcorp.flaccy.mac;
				PRODUCT_NAME = Flaccy;
				PROVISIONING_PROFILE_SPECIFIER = "flaccy-mac-appstore-2026";
				SDKROOT = macosx;
				SKIP_INSTALL = NO;
				SWIFT_APPROACHABLE_CONCURRENCY = YES;
				SWIFT_DEFAULT_ACTOR_ISOLATION = MainActor;
				SWIFT_EMIT_LOC_STRINGS = YES;
				SWIFT_UPCOMING_FEATURE_MEMBER_IMPORT_VISIBILITY = YES;
				SWIFT_VERSION = 5.0;
			};
			name = Release;
		};
		AA00UITESTDEBUGCONF00001 /* Debug */ = {
			isa = XCBuildConfiguration;
			buildSettings = {
				CODE_SIGN_STYLE = Automatic;
				CURRENT_PROJECT_VERSION = 2;
				DEVELOPMENT_TEAM = P4DQK6SRKR;
				GENERATE_INFOPLIST_FILE = YES;
				IPHONEOS_DEPLOYMENT_TARGET = 18.6;
				MARKETING_VERSION = 1.0;
				PRODUCT_BUNDLE_IDENTIFIER = com.midgarcorp.flaccyUITests;
				PRODUCT_NAME = "$(TARGET_NAME)";
				SUPPORTED_PLATFORMS = "iphoneos iphonesimulator";
				SWIFT_EMIT_LOC_STRINGS = NO;
				SWIFT_VERSION = 5.0;
				TARGETED_DEVICE_FAMILY = 1;
				TEST_TARGET_NAME = flaccy;
			};
			name = Debug;
		};
		AA00UITESTRELEASECONF001 /* Release */ = {
			isa = XCBuildConfiguration;
			buildSettings = {
				CODE_SIGN_STYLE = Automatic;
				CURRENT_PROJECT_VERSION = 2;
				DEVELOPMENT_TEAM = P4DQK6SRKR;
				GENERATE_INFOPLIST_FILE = YES;
				IPHONEOS_DEPLOYMENT_TARGET = 18.6;
				MARKETING_VERSION = 1.0;
				PRODUCT_BUNDLE_IDENTIFIER = com.midgarcorp.flaccyUITests;
				PRODUCT_NAME = "$(TARGET_NAME)";
				SUPPORTED_PLATFORMS = "iphoneos iphonesimulator";
				SWIFT_EMIT_LOC_STRINGS = NO;
				SWIFT_VERSION = 5.0;
				TARGETED_DEVICE_FAMILY = 1;
				TEST_TARGET_NAME = flaccy;
			};
			name = Release;
		};
		AE3AA281783D918A6ED3E7A4 /* Release */ = {
			isa = XCBuildConfiguration;
			buildSettings = {
				ALWAYS_EMBED_SWIFT_STANDARD_LIBRARIES = YES;
				ASSETCATALOG_COMPILER_APPICON_NAME = AppIcon;
				ASSETCATALOG_COMPILER_GLOBAL_ACCENT_COLOR_NAME = AccentColor;
				CODE_SIGN_IDENTITY = "Apple Distribution";
				CODE_SIGN_STYLE = Manual;
				CURRENT_PROJECT_VERSION = 1;
				DEVELOPMENT_TEAM = P4DQK6SRKR;
				ENABLE_PREVIEWS = YES;
				GENERATE_INFOPLIST_FILE = YES;
				INFOPLIST_FILE = "flaccyWatch Watch App/Info.plist";
				INFOPLIST_KEY_CFBundleDisplayName = Flaccy;
				INFOPLIST_KEY_ITSAppUsesNonExemptEncryption = NO;
				INFOPLIST_KEY_UISupportedInterfaceOrientations = "UIInterfaceOrientationPortrait UIInterfaceOrientationPortraitUpsideDown";
				LD_RUNPATH_SEARCH_PATHS = (
					"$(inherited)",
					"@executable_path/Frameworks",
				);
				MARKETING_VERSION = 1.0;
				PRODUCT_BUNDLE_IDENTIFIER = com.midgarcorp.flaccy.watchkitapp;
				PRODUCT_NAME = "$(TARGET_NAME)";
				PROVISIONING_PROFILE_SPECIFIER = "flaccy Watch AppStore 2026";
				SDKROOT = watchos;
				SKIP_INSTALL = NO;
				SWIFT_EMIT_LOC_STRINGS = YES;
				SWIFT_VERSION = 5.0;
				TARGETED_DEVICE_FAMILY = 4;
				VALIDATE_PRODUCT = YES;
				WATCHOS_DEPLOYMENT_TARGET = 11.0;
			};
			name = Release;
		};
		D5B7FE5614FB924D2A9B2948 /* Debug */ = {
			isa = XCBuildConfiguration;
			buildSettings = {
				ASSETCATALOG_COMPILER_APPICON_NAME = AppIcon;
				ASSETCATALOG_COMPILER_GLOBAL_ACCENT_COLOR_NAME = AccentColor;
				CODE_SIGN_ENTITLEMENTS = flaccyMac/flaccyMac.entitlements;
				CODE_SIGN_STYLE = Automatic;
				COMBINE_HIDPI_IMAGES = YES;
				CURRENT_PROJECT_VERSION = 1;
				DEVELOPMENT_TEAM = P4DQK6SRKR;
				ENABLE_HARDENED_RUNTIME = NO;
				EXCLUDED_SOURCE_FILE_NAMES = LaunchScreen.storyboard;
				GENERATE_INFOPLIST_FILE = NO;
				INFOPLIST_FILE = flaccyMac/Info.plist;
				LD_RUNPATH_SEARCH_PATHS = (
					"$(inherited)",
					"@executable_path/../Frameworks",
				);
				MACOSX_DEPLOYMENT_TARGET = 26.0;
				MARKETING_VERSION = 1.0;
				PRODUCT_BUNDLE_IDENTIFIER = com.midgarcorp.flaccy.mac;
				PRODUCT_NAME = Flaccy;
				SDKROOT = macosx;
				SKIP_INSTALL = NO;
				SWIFT_APPROACHABLE_CONCURRENCY = YES;
				SWIFT_DEFAULT_ACTOR_ISOLATION = MainActor;
				SWIFT_EMIT_LOC_STRINGS = YES;
				SWIFT_UPCOMING_FEATURE_MEMBER_IMPORT_VISIBILITY = YES;
				SWIFT_VERSION = 5.0;
			};
			name = Debug;
		};
/* End XCBuildConfiguration section */

/* Begin XCConfigurationList section */
		2C2776C52F7D0282007FF196 /* Build configuration list for PBXProject "flaccy" */ = {
			isa = XCConfigurationList;
			buildConfigurations = (
				2C2776E02F7D0283007FF196 /* Debug */,
				2C2776E12F7D0283007FF196 /* Release */,
			);
			defaultConfigurationIsVisible = 0;
			defaultConfigurationName = Release;
		};
		2C2776DD2F7D0283007FF196 /* Build configuration list for PBXNativeTarget "flaccy" */ = {
			isa = XCConfigurationList;
			buildConfigurations = (
				2C2776DE2F7D0283007FF196 /* Debug */,
				2C2776DF2F7D0283007FF196 /* Release */,
			);
			defaultConfigurationIsVisible = 0;
			defaultConfigurationName = Release;
		};
		5DB352AA23A1B7E07B26DC5F /* Build configuration list for PBXNativeTarget "flaccyWatch Watch App" */ = {
			isa = XCConfigurationList;
			buildConfigurations = (
				AE3AA281783D918A6ED3E7A4 /* Release */,
				020192F059FCDEFAF278E655 /* Debug */,
			);
			defaultConfigurationIsVisible = 0;
			defaultConfigurationName = Release;
		};
		AA00UITESTCONFLIST000001 /* Build configuration list for PBXNativeTarget "flaccyUITests" */ = {
			isa = XCConfigurationList;
			buildConfigurations = (
				AA00UITESTDEBUGCONF00001 /* Debug */,
				AA00UITESTRELEASECONF001 /* Release */,
			);
			defaultConfigurationIsVisible = 0;
			defaultConfigurationName = Release;
		};
		B056BAC146C23C016D664C4B /* Build configuration list for PBXNativeTarget "flaccyMac" */ = {
			isa = XCConfigurationList;
			buildConfigurations = (
				996BB35AE35AACDC0C415DC0 /* Release */,
				D5B7FE5614FB924D2A9B2948 /* Debug */,
			);
			defaultConfigurationIsVisible = 0;
			defaultConfigurationName = Release;
		};
		BBE98267987F6FEFF70459CA /* Build configuration list for PBXNativeTarget "flaccyMacUITests" */ = {
			isa = XCConfigurationList;
			buildConfigurations = (
				1C6050FACC00855BEC65BCA7 /* Release */,
				6CDFCF61E55D797B131A081B /* Debug */,
			);
			defaultConfigurationIsVisible = 0;
			defaultConfigurationName = Release;
		};
		C2F9EA766A7EF5B3EB39A186 /* Build configuration list for PBXNativeTarget "flaccyTests" */ = {
			isa = XCConfigurationList;
			buildConfigurations = (
				421E1F7201253DEEC0AF0E80 /* Release */,
				40F5E6309FFAF89ADA5B3E18 /* Debug */,
			);
			defaultConfigurationIsVisible = 0;
			defaultConfigurationName = Release;
		};
/* End XCConfigurationList section */

/* Begin XCLocalSwiftPackageReference section */
		87B8F983431A9C5256D98CCC /* XCLocalSwiftPackageReference "FlaccyCore" */ = {
			isa = XCLocalSwiftPackageReference;
			relativePath = FlaccyCore;
		};
/* End XCLocalSwiftPackageReference section */

/* Begin XCRemoteSwiftPackageReference section */
		2C2777002F7D0300007FF196 /* XCRemoteSwiftPackageReference "GRDB.swift" */ = {
			isa = XCRemoteSwiftPackageReference;
			repositoryURL = "https://github.com/groue/GRDB.swift.git";
			requirement = {
				kind = upToNextMajorVersion;
				minimumVersion = 7.0.0;
			};
		};
		2CAA00012F000001007FF196 /* XCRemoteSwiftPackageReference "MidgarKit" */ = {
			isa = XCRemoteSwiftPackageReference;
			repositoryURL = "https://github.com/guitaripod/MidgarKit";
			requirement = {
				kind = upToNextMajorVersion;
				minimumVersion = 2.1.0;
			};
		};
/* End XCRemoteSwiftPackageReference section */

/* Begin XCSwiftPackageProductDependency section */
		2C2777012F7D0301007FF196 /* GRDB */ = {
			isa = XCSwiftPackageProductDependency;
			package = 2C2777002F7D0300007FF196 /* XCRemoteSwiftPackageReference "GRDB.swift" */;
			productName = GRDB;
		};
		2CAA00022F000002007FF196 /* MidgarKit */ = {
			isa = XCSwiftPackageProductDependency;
			package = 2CAA00012F000001007FF196 /* XCRemoteSwiftPackageReference "MidgarKit" */;
			productName = MidgarKit;
		};
		5939164CA91FCC865B69DB94 /* FlaccyCore */ = {
			isa = XCSwiftPackageProductDependency;
			productName = FlaccyCore;
		};
		A734BCDDBC66217E19FC32B7 /* FlaccyCore */ = {
			isa = XCSwiftPackageProductDependency;
			productName = FlaccyCore;
		};
		C433D55BD6A1974A842EC01C /* GRDB */ = {
			isa = XCSwiftPackageProductDependency;
			package = 2C2777002F7D0300007FF196 /* XCRemoteSwiftPackageReference "GRDB.swift" */;
			productName = GRDB;
		};
		D2E21F4867B0D1251124B5D3 /* FlaccyCore */ = {
			isa = XCSwiftPackageProductDependency;
			productName = FlaccyCore;
		};
/* End XCSwiftPackageProductDependency section */
	};
	rootObject = 2C2776C22F7D0282007FF196 /* Project object */;
}
