// !$*UTF8*$!
{
	archiveVersion = 1;
	classes = {
	};
	objectVersion = 77;
	objects = {

/* Begin PBXBuildFile section */
		0BB345FBD38D4072779FC1A1 /* FlaccyCore in Frameworks */ = {isa = PBXBuildFile; productRef = D2E21F4867B0D1251124B5D3 /* FlaccyCore */; };
		1CD0A584B2671D1567CEB203 /* LibraryView.swift in Sources */ = {isa = PBXBuildFile; fileRef = AF7084824E5A82BA46E8C7F7 /* LibraryView.swift */; };
		20364068D2334231B84E65AD /* Foundation.framework in Frameworks */ = {isa = PBXBuildFile; fileRef = 2F54FEC40BC514CE9408F611 /* Foundation.framework */; };
		2C2777462F7D0B80007FF196 /* GRDB in Frameworks */ = {isa = PBXBuildFile; productRef = 2C2777012F7D0301007FF196 /* GRDB */; };
		2EF7E3522074A6D4757D100A /* WatchAudioPlayer.swift in Sources */ = {isa = PBXBuildFile; fileRef = BDBEFB8DA11EA80BE3A1C0BE /* WatchAudioPlayer.swift */; };
		331A551AA661711BBCCE5E4C /* ArtworkView.swift in Sources */ = {isa = PBXBuildFile; fileRef = 3AC28FB864167FA1CD5F9AC4 /* ArtworkView.swift */; };
		4114B9F2DAEFCEF2104A7CF6 /* FlaccyCore in Frameworks */ = {isa = PBXBuildFile; productRef = 5939164CA91FCC865B69DB94 /* FlaccyCore */; };
		478CB61873AE062D0199DA6D /* Assets.xcassets in Resources */ = {isa = PBXBuildFile; fileRef = 64EF0C9A9CD815CA8E65E069 /* Assets.xcassets */; };
		77121E0B8B0D3F4357C64CA6 /* NowPlayingView.swift in Sources */ = {isa = PBXBuildFile; fileRef = B6E46B13F9441353C5009A48 /* NowPlayingView.swift */; };
		8493917450A16A02594F223F /* flaccyWatch Watch App.app in Embed Watch Content */ = {isa = PBXBuildFile; fileRef = 714CC32EDD5BF636A0B806F2 /* flaccyWatch Watch App.app */; settings = {ATTRIBUTES = (RemoveHeadersOnCopy, ); }; };
		94EEA69301AB52580318B7E7 /* WatchTheme.swift in Sources */ = {isa = PBXBuildFile; fileRef = A9DDE13019C6B5BC73D42B17 /* WatchTheme.swift */; };
		CA99A2EA58555ABCCFD86321 /* SampleContent.swift in Sources */ = {isa = PBXBuildFile; fileRef = 93B013C8839D5A863DFE6791 /* SampleContent.swift */; };
		D3446621CB91CB204AD64EAF /* RootView.swift in Sources */ = {isa = PBXBuildFile; fileRef = BC3821FD60497EF57CD4BDC8 /* RootView.swift */; };
		D3957B9F09EDCDDDB9BFD553 /* flaccyWatchApp.swift in Sources */ = {isa = PBXBuildFile; fileRef = E2BE96F0B1F12FFE3EBA355F /* flaccyWatchApp.swift */; };
		D628E7E5CB4C3AA1CAA431F3 /* AlbumDetailView.swift in Sources */ = {isa = PBXBuildFile; fileRef = 61186AD73843676DB85FD70F /* AlbumDetailView.swift */; };
		D64D782252CE4C71291C68DC /* WatchSyncReceiver.swift in Sources */ = {isa = PBXBuildFile; fileRef = 9EF654E1DE0CDEDD2F136310 /* WatchSyncReceiver.swift */; };
		D991B88B26A79409988D10A3 /* WatchLibraryStore.swift in Sources */ = {isa = PBXBuildFile; fileRef = C52181F33B5B245C922684AA /* WatchLibraryStore.swift */; };
/* End PBXBuildFile section */

/* Begin PBXContainerItemProxy section */
		313486C10012669327EF7ED8 /* PBXContainerItemProxy */ = {
			isa = PBXContainerItemProxy;
			containerPortal = 2C2776C22F7D0282007FF196 /* Project object */;
			proxyType = 1;
			remoteGlobalIDString = DE0477C1A3CAE5D10A3D4168;
			remoteInfo = "flaccyWatch Watch App";
		};
		AA00UITESTPROXY00000001 /* PBXContainerItemProxy */ = {
			isa = PBXContainerItemProxy;
			containerPortal = 2C2776C22F7D0282007FF196 /* Project object */;
			proxyType = 1;
			remoteGlobalIDString = 2C2776C92F7D0282007FF196;
			remoteInfo = flaccy;
		};
/* End PBXContainerItemProxy section */

/* Begin PBXCopyFilesBuildPhase section */
		2C27775B2F7D0400007FF196 /* Embed Foundation Extensions */ = {
			isa = PBXCopyFilesBuildPhase;
			buildActionMask = 2147483647;
			dstPath = "";
			dstSubfolderSpec = 13;
			files = (
			);
			name = "Embed Foundation Extensions";
			runOnlyForDeploymentPostprocessing = 0;
		};
		9C292215C54F089F243EB55C /* Embed Watch Content */ = {
			isa = PBXCopyFilesBuildPhase;
			buildActionMask = 2147483647;
			dstPath = "$(CONTENTS_FOLDER_PATH)/Watch";
			dstSubfolderSpec = 16;
			files = (
				8493917450A16A02594F223F /* flaccyWatch Watch App.app in Embed Watch Content */,
			);
			name = "Embed Watch Content";
			runOnlyForDeploymentPostprocessing = 0;
		};
/* End PBXCopyFilesBuildPhase section */

/* Begin PBXFileReference section */
		2C2776CA2F7D0282007FF196 /* flaccy.app */ = {isa = PBXFileReference; explicitFileType = wrapper.application; includeInIndex = 0; path = flaccy.app; sourceTree = BUILT_PRODUCTS_DIR; };
		AA00UITESTPRODUCT0000001 /* flaccyUITests.xctest */ = {isa = PBXFileReference; explicitFileType = wrapper.cfbundle; includeInIndex = 0; path = flaccyUITests.xctest; sourceTree = BUILT_PRODUCTS_DIR; };
		2F54FEC40BC514CE9408F611 /* Foundation.framework */ = {isa = PBXFileReference; lastKnownFileType = wrapper.framework; name = Foundation.framework; path = Platforms/WatchOS.platform/Developer/SDKs/WatchOS11.0.sdk/System/Library/Frameworks/Foundation.framework; sourceTree = DEVELOPER_DIR; };
		3AC28FB864167FA1CD5F9AC4 /* ArtworkView.swift */ = {isa = PBXFileReference; includeInIndex = 1; lastKnownFileType = sourcecode.swift; name = ArtworkView.swift; path = Support/ArtworkView.swift; sourceTree = "<group>"; };
		61186AD73843676DB85FD70F /* AlbumDetailView.swift */ = {isa = PBXFileReference; includeInIndex = 1; lastKnownFileType = sourcecode.swift; name = AlbumDetailView.swift; path = Views/AlbumDetailView.swift; sourceTree = "<group>"; };
		64EF0C9A9CD815CA8E65E069 /* Assets.xcassets */ = {isa = PBXFileReference; includeInIndex = 1; lastKnownFileType = folder.assetcatalog; path = Assets.xcassets; sourceTree = "<group>"; };
		714CC32EDD5BF636A0B806F2 /* flaccyWatch Watch App.app */ = {isa = PBXFileReference; explicitFileType = wrapper.application; includeInIndex = 0; path = "flaccyWatch Watch App.app"; sourceTree = BUILT_PRODUCTS_DIR; };
		93B013C8839D5A863DFE6791 /* SampleContent.swift */ = {isa = PBXFileReference; includeInIndex = 1; lastKnownFileType = sourcecode.swift; path = SampleContent.swift; sourceTree = "<group>"; };
		9EF654E1DE0CDEDD2F136310 /* WatchSyncReceiver.swift */ = {isa = PBXFileReference; includeInIndex = 1; lastKnownFileType = sourcecode.swift; path = WatchSyncReceiver.swift; sourceTree = "<group>"; };
		A9DDE13019C6B5BC73D42B17 /* WatchTheme.swift */ = {isa = PBXFileReference; includeInIndex = 1; lastKnownFileType = sourcecode.swift; name = WatchTheme.swift; path = Support/WatchTheme.swift; sourceTree = "<group>"; };
		AF7084824E5A82BA46E8C7F7 /* LibraryView.swift */ = {isa = PBXFileReference; includeInIndex = 1; lastKnownFileType = sourcecode.swift; name = LibraryView.swift; path = Views/LibraryView.swift; sourceTree = "<group>"; };
		B6E46B13F9441353C5009A48 /* NowPlayingView.swift */ = {isa = PBXFileReference; includeInIndex = 1; lastKnownFileType = sourcecode.swift; name = NowPlayingView.swift; path = Views/NowPlayingView.swift; sourceTree = "<group>"; };
		BC3821FD60497EF57CD4BDC8 /* RootView.swift */ = {isa = PBXFileReference; includeInIndex = 1; lastKnownFileType = sourcecode.swift; name = RootView.swift; path = Views/RootView.swift; sourceTree = "<group>"; };
		BDBEFB8DA11EA80BE3A1C0BE /* WatchAudioPlayer.swift */ = {isa = PBXFileReference; includeInIndex = 1; lastKnownFileType = sourcecode.swift; path = WatchAudioPlayer.swift; sourceTree = "<group>"; };
		C52181F33B5B245C922684AA /* WatchLibraryStore.swift */ = {isa = PBXFileReference; includeInIndex = 1; lastKnownFileType = sourcecode.swift; path = WatchLibraryStore.swift; sourceTree = "<group>"; };
		D21E18037CD4569DE9E41F19 /* Info.plist */ = {isa = PBXFileReference; includeInIndex = 1; lastKnownFileType = text.plist.xml; path = Info.plist; sourceTree = "<group>"; };
		E2BE96F0B1F12FFE3EBA355F /* flaccyWatchApp.swift */ = {isa = PBXFileReference; includeInIndex = 1; lastKnownFileType = sourcecode.swift; path = flaccyWatchApp.swift; sourceTree = "<group>"; };
/* End PBXFileReference section */

/* Begin PBXFileSystemSynchronizedBuildFileExceptionSet section */
		2C2776DC2F7D0283007FF196 /* Exceptions for "flaccy" folder in "flaccy" target */ = {
			isa = PBXFileSystemSynchronizedBuildFileExceptionSet;
			membershipExceptions = (
				Info.plist,
			);
			target = 2C2776C92F7D0282007FF196 /* flaccy */;
		};
/* End PBXFileSystemSynchronizedBuildFileExceptionSet section */

/* Begin PBXFileSystemSynchronizedRootGroup section */
		AA00UITESTGROUP000000001 /* flaccyUITests */ = {
			isa = PBXFileSystemSynchronizedRootGroup;
			path = flaccyUITests;
			sourceTree = "<group>";
		};
		2C2776CC2F7D0282007FF196 /* flaccy */ = {
			isa = PBXFileSystemSynchronizedRootGroup;
			exceptions = (
				2C2776DC2F7D0283007FF196 /* Exceptions for "flaccy" folder in "flaccy" target */,
			);
			path = flaccy;
			sourceTree = "<group>";
		};
/* End PBXFileSystemSynchronizedRootGroup section */

/* Begin PBXFrameworksBuildPhase section */
		2C2776C72F7D0282007FF196 /* Frameworks */ = {
			isa = PBXFrameworksBuildPhase;
			buildActionMask = 2147483647;
			files = (
				2C2777462F7D0B80007FF196 /* GRDB in Frameworks */,
				0BB345FBD38D4072779FC1A1 /* FlaccyCore in Frameworks */,
			);
			runOnlyForDeploymentPostprocessing = 0;
		};
		82D8D96669C3CDB45993605A /* Frameworks */ = {
			isa = PBXFrameworksBuildPhase;
			buildActionMask = 2147483647;
			files = (
				20364068D2334231B84E65AD /* Foundation.framework in Frameworks */,
				4114B9F2DAEFCEF2104A7CF6 /* FlaccyCore in Frameworks */,
			);
			runOnlyForDeploymentPostprocessing = 0;
		};
		AA00UITESTFRAMEWORKS0001 /* Frameworks */ = {
			isa = PBXFrameworksBuildPhase;
			buildActionMask = 2147483647;
			files = (
			);
			runOnlyForDeploymentPostprocessing = 0;
		};
/* End PBXFrameworksBuildPhase section */

/* Begin PBXGroup section */
		1330E0EC564CA79898E235B1 /* flaccyWatch Watch App */ = {
			isa = PBXGroup;
			children = (
				93B013C8839D5A863DFE6791 /* SampleContent.swift */,
				3AC28FB864167FA1CD5F9AC4 /* ArtworkView.swift */,
				A9DDE13019C6B5BC73D42B17 /* WatchTheme.swift */,
				61186AD73843676DB85FD70F /* AlbumDetailView.swift */,
				AF7084824E5A82BA46E8C7F7 /* LibraryView.swift */,
				B6E46B13F9441353C5009A48 /* NowPlayingView.swift */,
				BC3821FD60497EF57CD4BDC8 /* RootView.swift */,
				BDBEFB8DA11EA80BE3A1C0BE /* WatchAudioPlayer.swift */,
				C52181F33B5B245C922684AA /* WatchLibraryStore.swift */,
				9EF654E1DE0CDEDD2F136310 /* WatchSyncReceiver.swift */,
				E2BE96F0B1F12FFE3EBA355F /* flaccyWatchApp.swift */,
				64EF0C9A9CD815CA8E65E069 /* Assets.xcassets */,
				D21E18037CD4569DE9E41F19 /* Info.plist */,
			);
			name = "flaccyWatch Watch App";
			path = "flaccyWatch Watch App";
			sourceTree = "<group>";
		};
		2C2776C12F7D0282007FF196 = {
			isa = PBXGroup;
			children = (
				2C2776CC2F7D0282007FF196 /* flaccy */,
				AA00UITESTGROUP000000001 /* flaccyUITests */,
				2C2776CB2F7D0282007FF196 /* Products */,
				F7E3E335AA05BD4FE7CF88E7 /* Frameworks */,
				1330E0EC564CA79898E235B1 /* flaccyWatch Watch App */,
			);
			sourceTree = "<group>";
		};
		2C2776CB2F7D0282007FF196 /* Products */ = {
			isa = PBXGroup;
			children = (
				2C2776CA2F7D0282007FF196 /* flaccy.app */,
				AA00UITESTPRODUCT0000001 /* flaccyUITests.xctest */,
				714CC32EDD5BF636A0B806F2 /* flaccyWatch Watch App.app */,
			);
			name = Products;
			sourceTree = "<group>";
		};
		937ACA69B8A57323276B0855 /* watchOS */ = {
			isa = PBXGroup;
			children = (
				2F54FEC40BC514CE9408F611 /* Foundation.framework */,
			);
			name = watchOS;
			sourceTree = "<group>";
		};
		F7E3E335AA05BD4FE7CF88E7 /* Frameworks */ = {
			isa = PBXGroup;
			children = (
				937ACA69B8A57323276B0855 /* watchOS */,
			);
			name = Frameworks;
			sourceTree = "<group>";
		};
/* End PBXGroup section */

/* Begin PBXNativeTarget section */
		2C2776C92F7D0282007FF196 /* flaccy */ = {
			isa = PBXNativeTarget;
			buildConfigurationList = 2C2776DD2F7D0283007FF196 /* Build configuration list for PBXNativeTarget "flaccy" */;
			buildPhases = (
				2C2776C62F7D0282007FF196 /* Sources */,
				2C2776C72F7D0282007FF196 /* Frameworks */,
				2C2776C82F7D0282007FF196 /* Resources */,
				2C27775B2F7D0400007FF196 /* Embed Foundation Extensions */,
				9C292215C54F089F243EB55C /* Embed Watch Content */,
			);
			buildRules = (
			);
			dependencies = (
				B17E6D248FB45949133CC076 /* PBXTargetDependency */,
			);
			fileSystemSynchronizedGroups = (
				2C2776CC2F7D0282007FF196 /* flaccy */,
			);
			name = flaccy;
			packageProductDependencies = (
				2C2777012F7D0301007FF196 /* GRDB */,
				D2E21F4867B0D1251124B5D3 /* FlaccyCore */,
			);
			productName = flaccy;
			productReference = 2C2776CA2F7D0282007FF196 /* flaccy.app */;
			productType = "com.apple.product-type.application";
		};
		DE0477C1A3CAE5D10A3D4168 /* flaccyWatch Watch App */ = {
			isa = PBXNativeTarget;
			buildConfigurationList = 5DB352AA23A1B7E07B26DC5F /* Build configuration list for PBXNativeTarget "flaccyWatch Watch App" */;
			buildPhases = (
				869246149F391E43A7FE0395 /* Sources */,
				82D8D96669C3CDB45993605A /* Frameworks */,
				3949682C6E87778D562C23CC /* Resources */,
			);
			buildRules = (
			);
			dependencies = (
			);
			name = "flaccyWatch Watch App";
			packageProductDependencies = (
				5939164CA91FCC865B69DB94 /* FlaccyCore */,
			);
			productName = "flaccyWatch Watch App";
			productReference = 714CC32EDD5BF636A0B806F2 /* flaccyWatch Watch App.app */;
			productType = "com.apple.product-type.application";
		};
		AA00UITESTTARGET00000001 /* flaccyUITests */ = {
			isa = PBXNativeTarget;
			buildConfigurationList = AA00UITESTCONFLIST000001 /* Build configuration list for PBXNativeTarget "flaccyUITests" */;
			buildPhases = (
				AA00UITESTSOURCES0000001 /* Sources */,
				AA00UITESTFRAMEWORKS0001 /* Frameworks */,
			);
			buildRules = (
			);
			dependencies = (
				AA00UITESTDEPENDENCY0001 /* PBXTargetDependency */,
			);
			fileSystemSynchronizedGroups = (
				AA00UITESTGROUP000000001 /* flaccyUITests */,
			);
			name = flaccyUITests;
			productName = flaccyUITests;
			productReference = AA00UITESTPRODUCT0000001 /* flaccyUITests.xctest */;
			productType = "com.apple.product-type.bundle.ui-testing";
		};
/* End PBXNativeTarget section */

/* Begin PBXProject section */
		2C2776C22F7D0282007FF196 /* Project object */ = {
			isa = PBXProject;
			attributes = {
				BuildIndependentTargetsInParallel = 1;
				LastSwiftUpdateCheck = 2640;
				LastUpgradeCheck = 2640;
				TargetAttributes = {
					2C2776C92F7D0282007FF196 = {
						CreatedOnToolsVersion = 26.4;
					};
				};
			};
			buildConfigurationList = 2C2776C52F7D0282007FF196 /* Build configuration list for PBXProject "flaccy" */;
			developmentRegion = en;
			hasScannedForEncodings = 0;
			knownRegions = (
				en,
				Base,
			);
			mainGroup = 2C2776C12F7D0282007FF196;
			minimizedProjectReferenceProxies = 1;
			packageReferences = (
				2C2777002F7D0300007FF196 /* XCRemoteSwiftPackageReference "GRDB.swift" */,
				87B8F983431A9C5256D98CCC /* XCLocalSwiftPackageReference "FlaccyCore" */,
			);
			preferredProjectObjectVersion = 77;
			productRefGroup = 2C2776CB2F7D0282007FF196 /* Products */;
			projectDirPath = "";
			projectRoot = "";
			targets = (
				2C2776C92F7D0282007FF196 /* flaccy */,
				AA00UITESTTARGET00000001 /* flaccyUITests */,
				DE0477C1A3CAE5D10A3D4168 /* flaccyWatch Watch App */,
			);
		};
/* End PBXProject section */

/* Begin PBXResourcesBuildPhase section */
		2C2776C82F7D0282007FF196 /* Resources */ = {
			isa = PBXResourcesBuildPhase;
			buildActionMask = 2147483647;
			files = (
			);
			runOnlyForDeploymentPostprocessing = 0;
		};
		3949682C6E87778D562C23CC /* Resources */ = {
			isa = PBXResourcesBuildPhase;
			buildActionMask = 2147483647;
			files = (
				478CB61873AE062D0199DA6D /* Assets.xcassets in Resources */,
			);
			runOnlyForDeploymentPostprocessing = 0;
		};
/* End PBXResourcesBuildPhase section */

/* Begin PBXSourcesBuildPhase section */
		2C2776C62F7D0282007FF196 /* Sources */ = {
			isa = PBXSourcesBuildPhase;
			buildActionMask = 2147483647;
			files = (
			);
			runOnlyForDeploymentPostprocessing = 0;
		};
		2C2777522F7D0400007FF196 /* Sources */ = {
			isa = PBXSourcesBuildPhase;
			buildActionMask = 2147483647;
			files = (
			);
			runOnlyForDeploymentPostprocessing = 0;
		};
		869246149F391E43A7FE0395 /* Sources */ = {
			isa = PBXSourcesBuildPhase;
			buildActionMask = 2147483647;
			files = (
				CA99A2EA58555ABCCFD86321 /* SampleContent.swift in Sources */,
				331A551AA661711BBCCE5E4C /* ArtworkView.swift in Sources */,
				94EEA69301AB52580318B7E7 /* WatchTheme.swift in Sources */,
				D628E7E5CB4C3AA1CAA431F3 /* AlbumDetailView.swift in Sources */,
				1CD0A584B2671D1567CEB203 /* LibraryView.swift in Sources */,
				77121E0B8B0D3F4357C64CA6 /* NowPlayingView.swift in Sources */,
				D3446621CB91CB204AD64EAF /* RootView.swift in Sources */,
				2EF7E3522074A6D4757D100A /* WatchAudioPlayer.swift in Sources */,
				D991B88B26A79409988D10A3 /* WatchLibraryStore.swift in Sources */,
				D64D782252CE4C71291C68DC /* WatchSyncReceiver.swift in Sources */,
				D3957B9F09EDCDDDB9BFD553 /* flaccyWatchApp.swift in Sources */,
			);
			runOnlyForDeploymentPostprocessing = 0;
		};
		AA00UITESTSOURCES0000001 /* Sources */ = {
			isa = PBXSourcesBuildPhase;
			buildActionMask = 2147483647;
			files = (
			);
			runOnlyForDeploymentPostprocessing = 0;
		};
/* End PBXSourcesBuildPhase section */

/* Begin PBXTargetDependency section */
		B17E6D248FB45949133CC076 /* PBXTargetDependency */ = {
			isa = PBXTargetDependency;
			name = "flaccyWatch Watch App";
			target = DE0477C1A3CAE5D10A3D4168 /* flaccyWatch Watch App */;
			targetProxy = 313486C10012669327EF7ED8 /* PBXContainerItemProxy */;
		};
		AA00UITESTDEPENDENCY0001 /* PBXTargetDependency */ = {
			isa = PBXTargetDependency;
			name = flaccy;
			target = 2C2776C92F7D0282007FF196 /* flaccy */;
			targetProxy = AA00UITESTPROXY00000001 /* PBXContainerItemProxy */;
		};
/* End PBXTargetDependency section */

/* Begin XCBuildConfiguration section */
		020192F059FCDEFAF278E655 /* Debug */ = {
			isa = XCBuildConfiguration;
			buildSettings = {
				ALWAYS_EMBED_SWIFT_STANDARD_LIBRARIES = YES;
				ASSETCATALOG_COMPILER_APPICON_NAME = AppIcon;
				ASSETCATALOG_COMPILER_GLOBAL_ACCENT_COLOR_NAME = AccentColor;
				CODE_SIGN_STYLE = Automatic;
				CURRENT_PROJECT_VERSION = 1;
				DEVELOPMENT_TEAM = P4DQK6SRKR;
				ENABLE_PREVIEWS = YES;
				GENERATE_INFOPLIST_FILE = YES;
				INFOPLIST_FILE = "flaccyWatch Watch App/Info.plist";
				INFOPLIST_KEY_CFBundleDisplayName = Flaccy;
				INFOPLIST_KEY_UISupportedInterfaceOrientations = "UIInterfaceOrientationPortrait UIInterfaceOrientationPortraitUpsideDown";
				LD_RUNPATH_SEARCH_PATHS = (
					"$(inherited)",
					"@executable_path/Frameworks",
				);
				MARKETING_VERSION = 1.0;
				PRODUCT_BUNDLE_IDENTIFIER = com.midgarcorp.flaccy.watchkitapp;
				PRODUCT_NAME = "$(TARGET_NAME)";
				SDKROOT = watchos;
				SKIP_INSTALL = NO;
				SWIFT_EMIT_LOC_STRINGS = YES;
				SWIFT_VERSION = 5.0;
				TARGETED_DEVICE_FAMILY = 4;
				WATCHOS_DEPLOYMENT_TARGET = 11.0;
			};
			name = Debug;
		};
		2C2776DE2F7D0283007FF196 /* Debug */ = {
			isa = XCBuildConfiguration;
			buildSettings = {
				ASSETCATALOG_COMPILER_APPICON_NAME = AppIcon;
				ASSETCATALOG_COMPILER_GLOBAL_ACCENT_COLOR_NAME = AccentColor;
				CODE_SIGN_IDENTITY = "Apple Development: Marcus Ziad\U00e9 (AUJJ76QHS7)";
				CODE_SIGN_STYLE = Manual;
				CURRENT_PROJECT_VERSION = 1;
				DEVELOPMENT_TEAM = P4DQK6SRKR;
				GENERATE_INFOPLIST_FILE = YES;
				INFOPLIST_FILE = flaccy/Info.plist;
				INFOPLIST_KEY_LSApplicationCategoryType = "public.app-category.music";
				INFOPLIST_KEY_UIApplicationSupportsIndirectInputEvents = YES;
				INFOPLIST_KEY_UILaunchStoryboardName = LaunchScreen;
				INFOPLIST_KEY_UISupportedInterfaceOrientations = UIInterfaceOrientationPortrait;
				INFOPLIST_KEY_UISupportedInterfaceOrientations_iPad = "UIInterfaceOrientationLandscapeLeft UIInterfaceOrientationLandscapeRight UIInterfaceOrientationPortrait UIInterfaceOrientationPortraitUpsideDown";
				IPHONEOS_DEPLOYMENT_TARGET = 18.6;
				LD_RUNPATH_SEARCH_PATHS = (
					"$(inherited)",
					"@executable_path/Frameworks",
				);
				MARKETING_VERSION = 1.0;
				PRODUCT_BUNDLE_IDENTIFIER = com.midgarcorp.flaccy;
				PRODUCT_NAME = "$(TARGET_NAME)";
				PROVISIONING_PROFILE_SPECIFIER = "flaccy Dev Air";
				STRING_CATALOG_GENERATE_SYMBOLS = YES;
				SUPPORTED_PLATFORMS = "iphoneos iphonesimulator";
				SUPPORTS_MACCATALYST = NO;
				SUPPORTS_MAC_DESIGNED_FOR_IPHONE_IPAD = NO;
				SUPPORTS_XR_DESIGNED_FOR_IPHONE_IPAD = NO;
				SWIFT_APPROACHABLE_CONCURRENCY = YES;
				SWIFT_DEFAULT_ACTOR_ISOLATION = MainActor;
				SWIFT_EMIT_LOC_STRINGS = YES;
				SWIFT_UPCOMING_FEATURE_MEMBER_IMPORT_VISIBILITY = YES;
				SWIFT_VERSION = 5.0;
				TARGETED_DEVICE_FAMILY = 1;
			};
			name = Debug;
		};
		2C2776DF2F7D0283007FF196 /* Release */ = {
			isa = XCBuildConfiguration;
			buildSettings = {
				ASSETCATALOG_COMPILER_APPICON_NAME = AppIcon;
				ASSETCATALOG_COMPILER_GLOBAL_ACCENT_COLOR_NAME = AccentColor;
				CODE_SIGN_IDENTITY = "Apple Distribution";
				CODE_SIGN_STYLE = Manual;
				CURRENT_PROJECT_VERSION = 1;
				DEVELOPMENT_TEAM = P4DQK6SRKR;
				GENERATE_INFOPLIST_FILE = YES;
				INFOPLIST_FILE = flaccy/Info.plist;
				INFOPLIST_KEY_LSApplicationCategoryType = "public.app-category.music";
				INFOPLIST_KEY_UIApplicationSupportsIndirectInputEvents = YES;
				INFOPLIST_KEY_UILaunchStoryboardName = LaunchScreen;
				INFOPLIST_KEY_UISupportedInterfaceOrientations = UIInterfaceOrientationPortrait;
				INFOPLIST_KEY_UISupportedInterfaceOrientations_iPad = "UIInterfaceOrientationLandscapeLeft UIInterfaceOrientationLandscapeRight UIInterfaceOrientationPortrait UIInterfaceOrientationPortraitUpsideDown";
				IPHONEOS_DEPLOYMENT_TARGET = 18.6;
				LD_RUNPATH_SEARCH_PATHS = (
					"$(inherited)",
					"@executable_path/Frameworks",
				);
				MARKETING_VERSION = 1.0;
				PRODUCT_BUNDLE_IDENTIFIER = com.midgarcorp.flaccy;
				PRODUCT_NAME = "$(TARGET_NAME)";
				PROVISIONING_PROFILE_SPECIFIER = "flaccy AppStore 2026";
				STRING_CATALOG_GENERATE_SYMBOLS = YES;
				SUPPORTED_PLATFORMS = "iphoneos iphonesimulator";
				SUPPORTS_MACCATALYST = NO;
				SUPPORTS_MAC_DESIGNED_FOR_IPHONE_IPAD = NO;
				SUPPORTS_XR_DESIGNED_FOR_IPHONE_IPAD = NO;
				SWIFT_APPROACHABLE_CONCURRENCY = YES;
				SWIFT_DEFAULT_ACTOR_ISOLATION = MainActor;
				SWIFT_EMIT_LOC_STRINGS = YES;
				SWIFT_UPCOMING_FEATURE_MEMBER_IMPORT_VISIBILITY = YES;
				SWIFT_VERSION = 5.0;
				TARGETED_DEVICE_FAMILY = 1;
			};
			name = Release;
		};
		2C2776E02F7D0283007FF196 /* Debug */ = {
			isa = XCBuildConfiguration;
			buildSettings = {
				ALWAYS_SEARCH_USER_PATHS = NO;
				ASSETCATALOG_COMPILER_GENERATE_SWIFT_ASSET_SYMBOL_EXTENSIONS = YES;
				CLANG_ANALYZER_NONNULL = YES;
				CLANG_ANALYZER_NUMBER_OBJECT_CONVERSION = YES_AGGRESSIVE;
				CLANG_CXX_LANGUAGE_STANDARD = "gnu++20";
				CLANG_ENABLE_MODULES = YES;
				CLANG_ENABLE_OBJC_ARC = YES;
				CLANG_ENABLE_OBJC_WEAK = YES;
				CLANG_WARN_BLOCK_CAPTURE_AUTORELEASING = YES;
				CLANG_WARN_BOOL_CONVERSION = YES;
				CLANG_WARN_COMMA = YES;
				CLANG_WARN_CONSTANT_CONVERSION = YES;
				CLANG_WARN_DEPRECATED_OBJC_IMPLEMENTATIONS = YES;
				CLANG_WARN_DIRECT_OBJC_ISA_USAGE = YES_ERROR;
				CLANG_WARN_DOCUMENTATION_COMMENTS = YES;
				CLANG_WARN_EMPTY_BODY = YES;
				CLANG_WARN_ENUM_CONVERSION = YES;
				CLANG_WARN_INFINITE_RECURSION = YES;
				CLANG_WARN_INT_CONVERSION = YES;
				CLANG_WARN_NON_LITERAL_NULL_CONVERSION = YES;
				CLANG_WARN_OBJC_IMPLICIT_RETAIN_SELF = YES;
				CLANG_WARN_OBJC_LITERAL_CONVERSION = YES;
				CLANG_WARN_OBJC_ROOT_CLASS = YES_ERROR;
				CLANG_WARN_QUOTED_INCLUDE_IN_FRAMEWORK_HEADER = YES;
				CLANG_WARN_RANGE_LOOP_ANALYSIS = YES;
				CLANG_WARN_STRICT_PROTOTYPES = YES;
				CLANG_WARN_SUSPICIOUS_MOVE = YES;
				CLANG_WARN_UNGUARDED_AVAILABILITY = YES_AGGRESSIVE;
				CLANG_WARN_UNREACHABLE_CODE = YES;
				CLANG_WARN__DUPLICATE_METHOD_MATCH = YES;
				COPY_PHASE_STRIP = NO;
				DEBUG_INFORMATION_FORMAT = dwarf;
				DEVELOPMENT_TEAM = P4DQK6SRKR;
				ENABLE_STRICT_OBJC_MSGSEND = YES;
				ENABLE_TESTABILITY = YES;
				ENABLE_USER_SCRIPT_SANDBOXING = YES;
				GCC_C_LANGUAGE_STANDARD = gnu17;
				GCC_DYNAMIC_NO_PIC = NO;
				GCC_NO_COMMON_BLOCKS = YES;
				GCC_OPTIMIZATION_LEVEL = 0;
				GCC_PREPROCESSOR_DEFINITIONS = (
					"DEBUG=1",
					"$(inherited)",
				);
				GCC_WARN_64_TO_32_BIT_CONVERSION = YES;
				GCC_WARN_ABOUT_RETURN_TYPE = YES_ERROR;
				GCC_WARN_UNDECLARED_SELECTOR = YES;
				GCC_WARN_UNINITIALIZED_AUTOS = YES_AGGRESSIVE;
				GCC_WARN_UNUSED_FUNCTION = YES;
				GCC_WARN_UNUSED_VARIABLE = YES;
				IPHONEOS_DEPLOYMENT_TARGET = 26.4;
				LOCALIZATION_PREFERS_STRING_CATALOGS = YES;
				MTL_ENABLE_DEBUG_INFO = INCLUDE_SOURCE;
				MTL_FAST_MATH = YES;
				ONLY_ACTIVE_ARCH = YES;
				SDKROOT = iphoneos;
				SWIFT_ACTIVE_COMPILATION_CONDITIONS = "DEBUG $(inherited)";
				SWIFT_OPTIMIZATION_LEVEL = "-Onone";
			};
			name = Debug;
		};
		2C2776E12F7D0283007FF196 /* Release */ = {
			isa = XCBuildConfiguration;
			buildSettings = {
				ALWAYS_SEARCH_USER_PATHS = NO;
				ASSETCATALOG_COMPILER_GENERATE_SWIFT_ASSET_SYMBOL_EXTENSIONS = YES;
				CLANG_ANALYZER_NONNULL = YES;
				CLANG_ANALYZER_NUMBER_OBJECT_CONVERSION = YES_AGGRESSIVE;
				CLANG_CXX_LANGUAGE_STANDARD = "gnu++20";
				CLANG_ENABLE_MODULES = YES;
				CLANG_ENABLE_OBJC_ARC = YES;
				CLANG_ENABLE_OBJC_WEAK = YES;
				CLANG_WARN_BLOCK_CAPTURE_AUTORELEASING = YES;
				CLANG_WARN_BOOL_CONVERSION = YES;
				CLANG_WARN_COMMA = YES;
				CLANG_WARN_CONSTANT_CONVERSION = YES;
				CLANG_WARN_DEPRECATED_OBJC_IMPLEMENTATIONS = YES;
				CLANG_WARN_DIRECT_OBJC_ISA_USAGE = YES_ERROR;
				CLANG_WARN_DOCUMENTATION_COMMENTS = YES;
				CLANG_WARN_EMPTY_BODY = YES;
				CLANG_WARN_ENUM_CONVERSION = YES;
				CLANG_WARN_INFINITE_RECURSION = YES;
				CLANG_WARN_INT_CONVERSION = YES;
				CLANG_WARN_NON_LITERAL_NULL_CONVERSION = YES;
				CLANG_WARN_OBJC_IMPLICIT_RETAIN_SELF = YES;
				CLANG_WARN_OBJC_LITERAL_CONVERSION = YES;
				CLANG_WARN_OBJC_ROOT_CLASS = YES_ERROR;
				CLANG_WARN_QUOTED_INCLUDE_IN_FRAMEWORK_HEADER = YES;
				CLANG_WARN_RANGE_LOOP_ANALYSIS = YES;
				CLANG_WARN_STRICT_PROTOTYPES = YES;
				CLANG_WARN_SUSPICIOUS_MOVE = YES;
				CLANG_WARN_UNGUARDED_AVAILABILITY = YES_AGGRESSIVE;
				CLANG_WARN_UNREACHABLE_CODE = YES;
				CLANG_WARN__DUPLICATE_METHOD_MATCH = YES;
				COPY_PHASE_STRIP = NO;
				DEBUG_INFORMATION_FORMAT = "dwarf-with-dsym";
				DEVELOPMENT_TEAM = P4DQK6SRKR;
				ENABLE_NS_ASSERTIONS = NO;
				ENABLE_STRICT_OBJC_MSGSEND = YES;
				ENABLE_USER_SCRIPT_SANDBOXING = YES;
				GCC_C_LANGUAGE_STANDARD = gnu17;
				GCC_NO_COMMON_BLOCKS = YES;
				GCC_WARN_64_TO_32_BIT_CONVERSION = YES;
				GCC_WARN_ABOUT_RETURN_TYPE = YES_ERROR;
				GCC_WARN_UNDECLARED_SELECTOR = YES;
				GCC_WARN_UNINITIALIZED_AUTOS = YES_AGGRESSIVE;
				GCC_WARN_UNUSED_FUNCTION = YES;
				GCC_WARN_UNUSED_VARIABLE = YES;
				IPHONEOS_DEPLOYMENT_TARGET = 26.4;
				LOCALIZATION_PREFERS_STRING_CATALOGS = YES;
				MTL_ENABLE_DEBUG_INFO = NO;
				MTL_FAST_MATH = YES;
				SDKROOT = iphoneos;
				SWIFT_COMPILATION_MODE = wholemodule;
				VALIDATE_PRODUCT = YES;
			};
			name = Release;
		};
		AE3AA281783D918A6ED3E7A4 /* Release */ = {
			isa = XCBuildConfiguration;
			buildSettings = {
				ALWAYS_EMBED_SWIFT_STANDARD_LIBRARIES = YES;
				ASSETCATALOG_COMPILER_APPICON_NAME = AppIcon;
				ASSETCATALOG_COMPILER_GLOBAL_ACCENT_COLOR_NAME = AccentColor;
				CODE_SIGN_STYLE = Automatic;
				CURRENT_PROJECT_VERSION = 1;
				DEVELOPMENT_TEAM = P4DQK6SRKR;
				ENABLE_PREVIEWS = YES;
				GENERATE_INFOPLIST_FILE = YES;
				INFOPLIST_FILE = "flaccyWatch Watch App/Info.plist";
				INFOPLIST_KEY_CFBundleDisplayName = Flaccy;
				INFOPLIST_KEY_UISupportedInterfaceOrientations = "UIInterfaceOrientationPortrait UIInterfaceOrientationPortraitUpsideDown";
				LD_RUNPATH_SEARCH_PATHS = (
					"$(inherited)",
					"@executable_path/Frameworks",
				);
				MARKETING_VERSION = 1.0;
				PRODUCT_BUNDLE_IDENTIFIER = com.midgarcorp.flaccy.watchkitapp;
				PRODUCT_NAME = "$(TARGET_NAME)";
				SDKROOT = watchos;
				SKIP_INSTALL = YES;
				SWIFT_EMIT_LOC_STRINGS = YES;
				SWIFT_VERSION = 5.0;
				TARGETED_DEVICE_FAMILY = 4;
				CODE_SIGN_IDENTITY = "Apple Distribution";
				CODE_SIGN_STYLE = Manual;
				PROVISIONING_PROFILE_SPECIFIER = "flaccy Watch AppStore 2026";
				VALIDATE_PRODUCT = YES;
				WATCHOS_DEPLOYMENT_TARGET = 11.0;
			};
			name = Release;
		};
		AA00UITESTDEBUGCONF00001 /* Debug */ = {
			isa = XCBuildConfiguration;
			buildSettings = {
				CODE_SIGN_STYLE = Automatic;
				CURRENT_PROJECT_VERSION = 1;
				DEVELOPMENT_TEAM = P4DQK6SRKR;
				GENERATE_INFOPLIST_FILE = YES;
				IPHONEOS_DEPLOYMENT_TARGET = 18.6;
				MARKETING_VERSION = 1.0;
				PRODUCT_BUNDLE_IDENTIFIER = com.midgarcorp.flaccyUITests;
				PRODUCT_NAME = "$(TARGET_NAME)";
				SUPPORTED_PLATFORMS = "iphoneos iphonesimulator";
				SWIFT_EMIT_LOC_STRINGS = NO;
				SWIFT_VERSION = 5.0;
				TARGETED_DEVICE_FAMILY = 1;
				TEST_TARGET_NAME = flaccy;
			};
			name = Debug;
		};
		AA00UITESTRELEASECONF001 /* Release */ = {
			isa = XCBuildConfiguration;
			buildSettings = {
				CODE_SIGN_STYLE = Automatic;
				CURRENT_PROJECT_VERSION = 1;
				DEVELOPMENT_TEAM = P4DQK6SRKR;
				GENERATE_INFOPLIST_FILE = YES;
				IPHONEOS_DEPLOYMENT_TARGET = 18.6;
				MARKETING_VERSION = 1.0;
				PRODUCT_BUNDLE_IDENTIFIER = com.midgarcorp.flaccyUITests;
				PRODUCT_NAME = "$(TARGET_NAME)";
				SUPPORTED_PLATFORMS = "iphoneos iphonesimulator";
				SWIFT_EMIT_LOC_STRINGS = NO;
				SWIFT_VERSION = 5.0;
				TARGETED_DEVICE_FAMILY = 1;
				TEST_TARGET_NAME = flaccy;
			};
			name = Release;
		};
/* End XCBuildConfiguration section */

/* Begin XCConfigurationList section */
		2C2776C52F7D0282007FF196 /* Build configuration list for PBXProject "flaccy" */ = {
			isa = XCConfigurationList;
			buildConfigurations = (
				2C2776E02F7D0283007FF196 /* Debug */,
				2C2776E12F7D0283007FF196 /* Release */,
			);
			defaultConfigurationIsVisible = 0;
			defaultConfigurationName = Release;
		};
		2C2776DD2F7D0283007FF196 /* Build configuration list for PBXNativeTarget "flaccy" */ = {
			isa = XCConfigurationList;
			buildConfigurations = (
				2C2776DE2F7D0283007FF196 /* Debug */,
				2C2776DF2F7D0283007FF196 /* Release */,
			);
			defaultConfigurationIsVisible = 0;
			defaultConfigurationName = Release;
		};
		5DB352AA23A1B7E07B26DC5F /* Build configuration list for PBXNativeTarget "flaccyWatch Watch App" */ = {
			isa = XCConfigurationList;
			buildConfigurations = (
				AE3AA281783D918A6ED3E7A4 /* Release */,
				020192F059FCDEFAF278E655 /* Debug */,
			);
			defaultConfigurationIsVisible = 0;
			defaultConfigurationName = Release;
		};
		AA00UITESTCONFLIST000001 /* Build configuration list for PBXNativeTarget "flaccyUITests" */ = {
			isa = XCConfigurationList;
			buildConfigurations = (
				AA00UITESTDEBUGCONF00001 /* Debug */,
				AA00UITESTRELEASECONF001 /* Release */,
			);
			defaultConfigurationIsVisible = 0;
			defaultConfigurationName = Release;
		};
/* End XCConfigurationList section */

/* Begin XCLocalSwiftPackageReference section */
		87B8F983431A9C5256D98CCC /* XCLocalSwiftPackageReference "FlaccyCore" */ = {
			isa = XCLocalSwiftPackageReference;
			relativePath = FlaccyCore;
		};
/* End XCLocalSwiftPackageReference section */

/* Begin XCRemoteSwiftPackageReference section */
		2C2777002F7D0300007FF196 /* XCRemoteSwiftPackageReference "GRDB.swift" */ = {
			isa = XCRemoteSwiftPackageReference;
			repositoryURL = "https://github.com/groue/GRDB.swift.git";
			requirement = {
				kind = upToNextMajorVersion;
				minimumVersion = 7.0.0;
			};
		};
/* End XCRemoteSwiftPackageReference section */

/* Begin XCSwiftPackageProductDependency section */
		2C2777012F7D0301007FF196 /* GRDB */ = {
			isa = XCSwiftPackageProductDependency;
			package = 2C2777002F7D0300007FF196 /* XCRemoteSwiftPackageReference "GRDB.swift" */;
			productName = GRDB;
		};
		5939164CA91FCC865B69DB94 /* FlaccyCore */ = {
			isa = XCSwiftPackageProductDependency;
			productName = FlaccyCore;
		};
		D2E21F4867B0D1251124B5D3 /* FlaccyCore */ = {
			isa = XCSwiftPackageProductDependency;
			productName = FlaccyCore;
		};
/* End XCSwiftPackageProductDependency section */
	};
	rootObject = 2C2776C22F7D0282007FF196 /* Project object */;
}
